// !$*UTF8*$!
{
	archiveVersion = 1;
	classes = {
	};
	objectVersion = 55;
	objects = {

/* Begin PBXBuildFile section */
		D88A763628A0D524007D8BBE /* SecondViewController.swift in Sources */ = {isa = PBXBuildFile; fileRef = D88A763528A0D524007D8BBE /* SecondViewController.swift */; };
		D8A0D4B6289F6887000A6308 /* AppDelegate.swift in Sources */ = {isa = PBXBuildFile; fileRef = D8A0D4B5289F6887000A6308 /* AppDelegate.swift */; };
		D8A0D4B8289F6887000A6308 /* SceneDelegate.swift in Sources */ = {isa = PBXBuildFile; fileRef = D8A0D4B7289F6887000A6308 /* SceneDelegate.swift */; };
		D8A0D4BA289F6887000A6308 /* ViewController.swift in Sources */ = {isa = PBXBuildFile; fileRef = D8A0D4B9289F6887000A6308 /* ViewController.swift */; };
		D8A0D4BD289F6887000A6308 /* Main.storyboard in Resources */ = {isa = PBXBuildFile; fileRef = D8A0D4BB289F6887000A6308 /* Main.storyboard */; };
		D8A0D4BF289F6889000A6308 /* Assets.xcassets in Resources */ = {isa = PBXBuildFile; fileRef = D8A0D4BE289F6889000A6308 /* Assets.xcassets */; };
		D8A0D4C2289F6889000A6308 /* LaunchScreen.storyboard in Resources */ = {isa = PBXBuildFile; fileRef = D8A0D4C0289F6889000A6308 /* LaunchScreen.storyboard */; };
		D8A0D4CD289F6889000A6308 /* SimpleTableTests.swift in Sources */ = {isa = PBXBuildFile; fileRef = D8A0D4CC289F6889000A6308 /* SimpleTableTests.swift */; };
		D8A0D4D7289F6889000A6308 /* SimpleTableUITests.swift in Sources */ = {isa = PBXBuildFile; fileRef = D8A0D4D6289F6889000A6308 /* SimpleTableUITests.swift */; };
		D8A0D4D9289F6889000A6308 /* SimpleTableUITestsLaunchTests.swift in Sources */ = {isa = PBXBuildFile; fileRef = D8A0D4D8289F6889000A6308 /* SimpleTableUITestsLaunchTests.swift */; };
		D8A0D4E6289F7886000A6308 /* CustomTableViewCell.swift in Sources */ = {isa = PBXBuildFile; fileRef = D8A0D4E5289F7886000A6308 /* CustomTableViewCell.swift */; };
/* End PBXBuildFile section */

/* Begin PBXContainerItemProxy section */
		D8A0D4C9289F6889000A6308 /* PBXContainerItemProxy */ = {
			isa = PBXContainerItemProxy;
			containerPortal = D8A0D4AA289F6887000A6308 /* Project object */;
			proxyType = 1;
			remoteGlobalIDString = D8A0D4B1289F6887000A6308;
			remoteInfo = SimpleTable;
		};
		D8A0D4D3289F6889000A6308 /* PBXContainerItemProxy */ = {
			isa = PBXContainerItemProxy;
			containerPortal = D8A0D4AA289F6887000A6308 /* Project object */;
			proxyType = 1;
			remoteGlobalIDString = D8A0D4B1289F6887000A6308;
			remoteInfo = SimpleTable;
		};
/* End PBXContainerItemProxy section */

/* Begin PBXFileReference section */
		D88A763528A0D524007D8BBE /* SecondViewController.swift */ = {isa = PBXFileReference; lastKnownFileType = sourcecode.swift; path = SecondViewController.swift; sourceTree = "<group>"; };
		D8A0D4B2289F6887000A6308 /* SimpleTable.app */ = {isa = PBXFileReference; explicitFileType = wrapper.application; includeInIndex = 0; path = SimpleTable.app; sourceTree = BUILT_PRODUCTS_DIR; };
		D8A0D4B5289F6887000A6308 /* AppDelegate.swift */ = {isa = PBXFileReference; lastKnownFileType = sourcecode.swift; path = AppDelegate.swift; sourceTree = "<group>"; };
		D8A0D4B7289F6887000A6308 /* SceneDelegate.swift */ = {isa = PBXFileReference; lastKnownFileType = sourcecode.swift; path = SceneDelegate.swift; sourceTree = "<group>"; };
		D8A0D4B9289F6887000A6308 /* ViewController.swift */ = {isa = PBXFileReference; lastKnownFileType = sourcecode.swift; path = ViewController.swift; sourceTree = "<group>"; };
		D8A0D4BC289F6887000A6308 /* Base */ = {isa = PBXFileReference; lastKnownFileType = file.storyboard; name = Base; path = Base.lproj/Main.storyboard; sourceTree = "<group>"; };
		D8A0D4BE289F6889000A6308 /* Assets.xcassets */ = {isa = PBXFileReference; lastKnownFileType = folder.assetcatalog; path = Assets.xcassets; sourceTree = "<group>"; };
		D8A0D4C1289F6889000A6308 /* Base */ = {isa = PBXFileReference; lastKnownFileType = file.storyboard; name = Base; path = Base.lproj/LaunchScreen.storyboard; sourceTree = "<group>"; };
		D8A0D4C3289F6889000A6308 /* Info.plist */ = {isa = PBXFileReference; lastKnownFileType = text.plist.xml; path = Info.plist; sourceTree = "<group>"; };
		D8A0D4C8289F6889000A6308 /* SimpleTableTests.xctest */ = {isa = PBXFileReference; explicitFileType = wrapper.cfbundle; includeInIndex = 0; path = SimpleTableTests.xctest; sourceTree = BUILT_PRODUCTS_DIR; };
		D8A0D4CC289F6889000A6308 /* SimpleTableTests.swift */ = {isa = PBXFileReference; lastKnownFileType = sourcecode.swift; path = SimpleTableTests.swift; sourceTree = "<group>"; };
		D8A0D4D2289F6889000A6308 /* SimpleTableUITests.xctest */ = {isa = PBXFileReference; explicitFileType = wrapper.cfbundle; includeInIndex = 0; path = SimpleTableUITests.xctest; sourceTree = BUILT_PRODUCTS_DIR; };
		D8A0D4D6289F6889000A6308 /* SimpleTableUITests.swift */ = {isa = PBXFileReference; lastKnownFileType = sourcecode.swift; path = SimpleTableUITests.swift; sourceTree = "<group>"; };
		D8A0D4D8289F6889000A6308 /* SimpleTableUITestsLaunchTests.swift */ = {isa = PBXFileReference; lastKnownFileType = sourcecode.swift; path = SimpleTableUITestsLaunchTests.swift; sourceTree = "<group>"; };
		D8A0D4E5289F7886000A6308 /* CustomTableViewCell.swift */ = {isa = PBXFileReference; lastKnownFileType = sourcecode.swift; path = CustomTableViewCell.swift; sourceTree = "<group>"; };
/* End PBXFileReference section */

/* Begin PBXFrameworksBuildPhase section */
		D8A0D4AF289F6887000A6308 /* Frameworks */ = {
			isa = PBXFrameworksBuildPhase;
			buildActionMask = 2147483647;
			files = (
			);
			runOnlyForDeploymentPostprocessing = 0;
		};
		D8A0D4C5289F6889000A6308 /* Frameworks */ = {
			isa = PBXFrameworksBuildPhase;
			buildActionMask = 2147483647;
			files = (
			);
			runOnlyForDeploymentPostprocessing = 0;
		};
		D8A0D4CF289F6889000A6308 /* Frameworks */ = {
			isa = PBXFrameworksBuildPhase;
			buildActionMask = 2147483647;
			files = (
			);
			runOnlyForDeploymentPostprocessing = 0;
		};
/* End PBXFrameworksBuildPhase section */

/* Begin PBXGroup section */
		D8A0D4A9289F6887000A6308 = {
			isa = PBXGroup;
			children = (
				D8A0D4B4289F6887000A6308 /* SimpleTable */,
				D8A0D4CB289F6889000A6308 /* SimpleTableTests */,
				D8A0D4D5289F6889000A6308 /* SimpleTableUITests */,
				D8A0D4B3289F6887000A6308 /* Products */,
			);
			sourceTree = "<group>";
		};
		D8A0D4B3289F6887000A6308 /* Products */ = {
			isa = PBXGroup;
			children = (
				D8A0D4B2289F6887000A6308 /* SimpleTable.app */,
				D8A0D4C8289F6889000A6308 /* SimpleTableTests.xctest */,
				D8A0D4D2289F6889000A6308 /* SimpleTableUITests.xctest */,
			);
			name = Products;
			sourceTree = "<group>";
		};
		D8A0D4B4289F6887000A6308 /* SimpleTable */ = {
			isa = PBXGroup;
			children = (
				D8A0D4B5289F6887000A6308 /* AppDelegate.swift */,
				D8A0D4B7289F6887000A6308 /* SceneDelegate.swift */,
				D8A0D4B9289F6887000A6308 /* ViewController.swift */,
				D8A0D4BB289F6887000A6308 /* Main.storyboard */,
				D88A763528A0D524007D8BBE /* SecondViewController.swift */,
				D8A0D4E5289F7886000A6308 /* CustomTableViewCell.swift */,
				D8A0D4BE289F6889000A6308 /* Assets.xcassets */,
				D8A0D4C0289F6889000A6308 /* LaunchScreen.storyboard */,
				D8A0D4C3289F6889000A6308 /* Info.plist */,
			);
			path = SimpleTable;
			sourceTree = "<group>";
		};
		D8A0D4CB289F6889000A6308 /* SimpleTableTests */ = {
			isa = PBXGroup;
			children = (
				D8A0D4CC289F6889000A6308 /* SimpleTableTests.swift */,
			);
			path = SimpleTableTests;
			sourceTree = "<group>";
		};
		D8A0D4D5289F6889000A6308 /* SimpleTableUITests */ = {
			isa = PBXGroup;
			children = (
				D8A0D4D6289F6889000A6308 /* SimpleTableUITests.swift */,
				D8A0D4D8289F6889000A6308 /* SimpleTableUITestsLaunchTests.swift */,
			);
			path = SimpleTableUITests;
			sourceTree = "<group>";
		};
/* End PBXGroup section */

/* Begin PBXNativeTarget section */
		D8A0D4B1289F6887000A6308 /* SimpleTable */ = {
			isa = PBXNativeTarget;
			buildConfigurationList = D8A0D4DC289F6889000A6308 /* Build configuration list for PBXNativeTarget "SimpleTable" */;
			buildPhases = (
				D8A0D4AE289F6887000A6308 /* Sources */,
				D8A0D4AF289F6887000A6308 /* Frameworks */,
				D8A0D4B0289F6887000A6308 /* Resources */,
			);
			buildRules = (
			);
			dependencies = (
			);
			name = SimpleTable;
			productName = SimpleTable;
			productReference = D8A0D4B2289F6887000A6308 /* SimpleTable.app */;
			productType = "com.apple.product-type.application";
		};
		D8A0D4C7289F6889000A6308 /* SimpleTableTests */ = {
			isa = PBXNativeTarget;
			buildConfigurationList = D8A0D4DF289F6889000A6308 /* Build configuration list for PBXNativeTarget "SimpleTableTests" */;
			buildPhases = (
				D8A0D4C4289F6889000A6308 /* Sources */,
				D8A0D4C5289F6889000A6308 /* Frameworks */,
				D8A0D4C6289F6889000A6308 /* Resources */,
			);
			buildRules = (
			);
			dependencies = (
				D8A0D4CA289F6889000A6308 /* PBXTargetDependency */,
			);
			name = SimpleTableTests;
			productName = SimpleTableTests;
			productReference = D8A0D4C8289F6889000A6308 /* SimpleTableTests.xctest */;
			productType = "com.apple.product-type.bundle.unit-test";
		};
		D8A0D4D1289F6889000A6308 /* SimpleTableUITests */ = {
			isa = PBXNativeTarget;
			buildConfigurationList = D8A0D4E2289F6889000A6308 /* Build configuration list for PBXNativeTarget "SimpleTableUITests" */;
			buildPhases = (
				D8A0D4CE289F6889000A6308 /* Sources */,
				D8A0D4CF289F6889000A6308 /* Frameworks */,
				D8A0D4D0289F6889000A6308 /* Resources */,
			);
			buildRules = (
			);
			dependencies = (
				D8A0D4D4289F6889000A6308 /* PBXTargetDependency */,
			);
			name = SimpleTableUITests;
			productName = SimpleTableUITests;
			productReference = D8A0D4D2289F6889000A6308 /* SimpleTableUITests.xctest */;
			productType = "com.apple.product-type.bundle.ui-testing";
		};
/* End PBXNativeTarget section */

/* Begin PBXProject section */
		D8A0D4AA289F6887000A6308 /* Project object */ = {
			isa = PBXProject;
			attributes = {
				BuildIndependentTargetsInParallel = 1;
				LastSwiftUpdateCheck = 1340;
				LastUpgradeCheck = 1340;
				TargetAttributes = {
					D8A0D4B1289F6887000A6308 = {
						CreatedOnToolsVersion = 13.4.1;
					};
					D8A0D4C7289F6889000A6308 = {
						CreatedOnToolsVersion = 13.4.1;
						TestTargetID = D8A0D4B1289F6887000A6308;
					};
					D8A0D4D1289F6889000A6308 = {
						CreatedOnToolsVersion = 13.4.1;
						TestTargetID = D8A0D4B1289F6887000A6308;
					};
				};
			};
			buildConfigurationList = D8A0D4AD289F6887000A6308 /* Build configuration list for PBXProject "SimpleTable" */;
			compatibilityVersion = "Xcode 13.0";
			developmentRegion = en;
			hasScannedForEncodings = 0;
			knownRegions = (
				en,
				Base,
			);
			mainGroup = D8A0D4A9289F6887000A6308;
			productRefGroup = D8A0D4B3289F6887000A6308 /* Products */;
			projectDirPath = "";
			projectRoot = "";
			targets = (
				D8A0D4B1289F6887000A6308 /* SimpleTable */,
				D8A0D4C7289F6889000A6308 /* SimpleTableTests */,
				D8A0D4D1289F6889000A6308 /* SimpleTableUITests */,
			);
		};
/* End PBXProject section */

/* Begin PBXResourcesBuildPhase section */
		D8A0D4B0289F6887000A6308 /* Resources */ = {
			isa = PBXResourcesBuildPhase;
			buildActionMask = 2147483647;
			files = (
				D8A0D4C2289F6889000A6308 /* LaunchScreen.storyboard in Resources */,
				D8A0D4BF289F6889000A6308 /* Assets.xcassets in Resources */,
				D8A0D4BD289F6887000A6308 /* Main.storyboard in Resources */,
			);
			runOnlyForDeploymentPostprocessing = 0;
		};
		D8A0D4C6289F6889000A6308 /* Resources */ = {
			isa = PBXResourcesBuildPhase;
			buildActionMask = 2147483647;
			files = (
			);
			runOnlyForDeploymentPostprocessing = 0;
		};
		D8A0D4D0289F6889000A6308 /* Resources */ = {
			isa = PBXResourcesBuildPhase;
			buildActionMask = 2147483647;
			files = (
			);
			runOnlyForDeploymentPostprocessing = 0;
		};
/* End PBXResourcesBuildPhase section */

/* Begin PBXSourcesBuildPhase section */
		D8A0D4AE289F6887000A6308 /* Sources */ = {
			isa = PBXSourcesBuildPhase;
			buildActionMask = 2147483647;
			files = (
				D8A0D4BA289F6887000A6308 /* ViewController.swift in Sources */,
				D8A0D4B6289F6887000A6308 /* AppDelegate.swift in Sources */,
				D8A0D4E6289F7886000A6308 /* CustomTableViewCell.swift in Sources */,
				D88A763628A0D524007D8BBE /* SecondViewController.swift in Sources */,
				D8A0D4B8289F6887000A6308 /* SceneDelegate.swift in Sources */,
			);
			runOnlyForDeploymentPostprocessing = 0;
		};
		D8A0D4C4289F6889000A6308 /* Sources */ = {
			isa = PBXSourcesBuildPhase;
			buildActionMask = 2147483647;
			files = (
				D8A0D4CD289F6889000A6308 /* SimpleTableTests.swift in Sources */,
			);
			runOnlyForDeploymentPostprocessing = 0;
		};
		D8A0D4CE289F6889000A6308 /* Sources */ = {
			isa = PBXSourcesBuildPhase;
			buildActionMask = 2147483647;
			files = (
				D8A0D4D7289F6889000A6308 /* SimpleTableUITests.swift in Sources */,
				D8A0D4D9289F6889000A6308 /* SimpleTableUITestsLaunchTests.swift in Sources */,
			);
			runOnlyForDeploymentPostprocessing = 0;
		};
/* End PBXSourcesBuildPhase section */

/* Begin PBXTargetDependency section */
		D8A0D4CA289F6889000A6308 /* PBXTargetDependency */ = {
			isa = PBXTargetDependency;
			target = D8A0D4B1289F6887000A6308 /* SimpleTable */;
			targetProxy = D8A0D4C9289F6889000A6308 /* PBXContainerItemProxy */;
		};
		D8A0D4D4289F6889000A6308 /* PBXTargetDependency */ = {
			isa = PBXTargetDependency;
			target = D8A0D4B1289F6887000A6308 /* SimpleTable */;
			targetProxy = D8A0D4D3289F6889000A6308 /* PBXContainerItemProxy */;
		};
/* End PBXTargetDependency section */

/* Begin PBXVariantGroup section */
		D8A0D4BB289F6887000A6308 /* Main.storyboard */ = {
			isa = PBXVariantGroup;
			children = (
				D8A0D4BC289F6887000A6308 /* Base */,
			);
			name = Main.storyboard;
			sourceTree = "<group>";
		};
		D8A0D4C0289F6889000A6308 /* LaunchScreen.storyboard */ = {
			isa = PBXVariantGroup;
			children = (
				D8A0D4C1289F6889000A6308 /* Base */,
			);
			name = LaunchScreen.storyboard;
			sourceTree = "<group>";
		};
/* End PBXVariantGroup section */

/* Begin XCBuildConfiguration section */
		D8A0D4DA289F6889000A6308 /* Debug */ = {
			isa = XCBuildConfiguration;
			buildSettings = {
				ALWAYS_SEARCH_USER_PATHS = NO;
				CLANG_ANALYZER_NONNULL = YES;
				CLANG_ANALYZER_NUMBER_OBJECT_CONVERSION = YES_AGGRESSIVE;
				CLANG_CXX_LANGUAGE_STANDARD = "gnu++17";
				CLANG_ENABLE_MODULES = YES;
				CLANG_ENABLE_OBJC_ARC = YES;
				CLANG_ENABLE_OBJC_WEAK = YES;
				CLANG_WARN_BLOCK_CAPTURE_AUTORELEASING = YES;
				CLANG_WARN_BOOL_CONVERSION = YES;
				CLANG_WARN_COMMA = YES;
				CLANG_WARN_CONSTANT_CONVERSION = YES;
				CLANG_WARN_DEPRECATED_OBJC_IMPLEMENTATIONS = YES;
				CLANG_WARN_DIRECT_OBJC_ISA_USAGE = YES_ERROR;
				CLANG_WARN_DOCUMENTATION_COMMENTS = YES;
				CLANG_WARN_EMPTY_BODY = YES;
				CLANG_WARN_ENUM_CONVERSION = YES;
				CLANG_WARN_INFINITE_RECURSION = YES;
				CLANG_WARN_INT_CONVERSION = YES;
				CLANG_WARN_NON_LITERAL_NULL_CONVERSION = YES;
				CLANG_WARN_OBJC_IMPLICIT_RETAIN_SELF = YES;
				CLANG_WARN_OBJC_LITERAL_CONVERSION = YES;
				CLANG_WARN_OBJC_ROOT_CLASS = YES_ERROR;
				CLANG_WARN_QUOTED_INCLUDE_IN_FRAMEWORK_HEADER = YES;
				CLANG_WARN_RANGE_LOOP_ANALYSIS = YES;
				CLANG_WARN_STRICT_PROTOTYPES = YES;
				CLANG_WARN_SUSPICIOUS_MOVE = YES;
				CLANG_WARN_UNGUARDED_AVAILABILITY = YES_AGGRESSIVE;
				CLANG_WARN_UNREACHABLE_CODE = YES;
				CLANG_WARN__DUPLICATE_METHOD_MATCH = YES;
				COPY_PHASE_STRIP = NO;
				DEBUG_INFORMATION_FORMAT = dwarf;
				ENABLE_STRICT_OBJC_MSGSEND = YES;
				ENABLE_TESTABILITY = YES;
				GCC_C_LANGUAGE_STANDARD = gnu11;
				GCC_DYNAMIC_NO_PIC = NO;
				GCC_NO_COMMON_BLOCKS = YES;
				GCC_OPTIMIZATION_LEVEL = 0;
				GCC_PREPROCESSOR_DEFINITIONS = (
					"DEBUG=1",
					"$(inherited)",
				);
				GCC_WARN_64_TO_32_BIT_CONVERSION = YES;
				GCC_WARN_ABOUT_RETURN_TYPE = YES_ERROR;
				GCC_WARN_UNDECLARED_SELECTOR = YES;
				GCC_WARN_UNINITIALIZED_AUTOS = YES_AGGRESSIVE;
				GCC_WARN_UNUSED_FUNCTION = YES;
				GCC_WARN_UNUSED_VARIABLE = YES;
				IPHONEOS_DEPLOYMENT_TARGET = 15.5;
				MTL_ENABLE_DEBUG_INFO = INCLUDE_SOURCE;
				MTL_FAST_MATH = YES;
				ONLY_ACTIVE_ARCH = YES;
				SDKROOT = iphoneos;
				SWIFT_ACTIVE_COMPILATION_CONDITIONS = DEBUG;
				SWIFT_OPTIMIZATION_LEVEL = "-Onone";
			};
			name = Debug;
		};
		D8A0D4DB289F6889000A6308 /* Release */ = {
			isa = XCBuildConfiguration;
			buildSettings = {
				ALWAYS_SEARCH_USER_PATHS = NO;
				CLANG_ANALYZER_NONNULL = YES;
				CLANG_ANALYZER_NUMBER_OBJECT_CONVERSION = YES_AGGRESSIVE;
				CLANG_CXX_LANGUAGE_STANDARD = "gnu++17";
				CLANG_ENABLE_MODULES = YES;
				CLANG_ENABLE_OBJC_ARC = YES;
				CLANG_ENABLE_OBJC_WEAK = YES;
				CLANG_WARN_BLOCK_CAPTURE_AUTORELEASING = YES;
				CLANG_WARN_BOOL_CONVERSION = YES;
				CLANG_WARN_COMMA = YES;
				CLANG_WARN_CONSTANT_CONVERSION = YES;
				CLANG_WARN_DEPRECATED_OBJC_IMPLEMENTATIONS = YES;
				CLANG_WARN_DIRECT_OBJC_ISA_USAGE = YES_ERROR;
				CLANG_WARN_DOCUMENTATION_COMMENTS = YES;
				CLANG_WARN_EMPTY_BODY = YES;
				CLANG_WARN_ENUM_CONVERSION = YES;
				CLANG_WARN_INFINITE_RECURSION = YES;
				CLANG_WARN_INT_CONVERSION = YES;
				CLANG_WARN_NON_LITERAL_NULL_CONVERSION = YES;
				CLANG_WARN_OBJC_IMPLICIT_RETAIN_SELF = YES;
				CLANG_WARN_OBJC_LITERAL_CONVERSION = YES;
				CLANG_WARN_OBJC_ROOT_CLASS = YES_ERROR;
				CLANG_WARN_QUOTED_INCLUDE_IN_FRAMEWORK_HEADER = YES;
				CLANG_WARN_RANGE_LOOP_ANALYSIS = YES;
				CLANG_WARN_STRICT_PROTOTYPES = YES;
				CLANG_WARN_SUSPICIOUS_MOVE = YES;
				CLANG_WARN_UNGUARDED_AVAILABILITY = YES_AGGRESSIVE;
				CLANG_WARN_UNREACHABLE_CODE = YES;
				CLANG_WARN__DUPLICATE_METHOD_MATCH = YES;
				COPY_PHASE_STRIP = NO;
				DEBUG_INFORMATION_FORMAT = "dwarf-with-dsym";
				ENABLE_NS_ASSERTIONS = NO;
				ENABLE_STRICT_OBJC_MSGSEND = YES;
				GCC_C_LANGUAGE_STANDARD = gnu11;
				GCC_NO_COMMON_BLOCKS = YES;
				GCC_WARN_64_TO_32_BIT_CONVERSION = YES;
				GCC_WARN_ABOUT_RETURN_TYPE = YES_ERROR;
				GCC_WARN_UNDECLARED_SELECTOR = YES;
				GCC_WARN_UNINITIALIZED_AUTOS = YES_AGGRESSIVE;
				GCC_WARN_UNUSED_FUNCTION = YES;
				GCC_WARN_UNUSED_VARIABLE = YES;
				IPHONEOS_DEPLOYMENT_TARGET = 15.5;
				MTL_ENABLE_DEBUG_INFO = NO;
				MTL_FAST_MATH = YES;
				SDKROOT = iphoneos;
				SWIFT_COMPILATION_MODE = wholemodule;
				SWIFT_OPTIMIZATION_LEVEL = "-O";
				VALIDATE_PRODUCT = YES;
			};
			name = Release;
		};
		D8A0D4DD289F6889000A6308 /* Debug */ = {
			isa = XCBuildConfiguration;
			buildSettings = {
				ASSETCATALOG_COMPILER_APPICON_NAME = AppIcon;
				ASSETCATALOG_COMPILER_GLOBAL_ACCENT_COLOR_NAME = AccentColor;
				CODE_SIGN_STYLE = Automatic;
				CURRENT_PROJECT_VERSION = 1;
				GENERATE_INFOPLIST_FILE = YES;
				INFOPLIST_FILE = SimpleTable/Info.plist;
				INFOPLIST_KEY_UIApplicationSupportsIndirectInputEvents = YES;
				INFOPLIST_KEY_UILaunchStoryboardName = LaunchScreen;
				INFOPLIST_KEY_UIMainStoryboardFile = Main;
				INFOPLIST_KEY_UISupportedInterfaceOrientations_iPad = "UIInterfaceOrientationPortrait UIInterfaceOrientationPortraitUpsideDown UIInterfaceOrientationLandscapeLeft UIInterfaceOrientationLandscapeRight";
				INFOPLIST_KEY_UISupportedInterfaceOrientations_iPhone = "UIInterfaceOrientationPortrait UIInterfaceOrientationLandscapeLeft UIInterfaceOrientationLandscapeRight";
				LD_RUNPATH_SEARCH_PATHS = (
					"$(inherited)",
					"@executable_path/Frameworks",
				);
				MARKETING_VERSION = 1.0;
				PRODUCT_BUNDLE_IDENTIFIER = "C-HW.SimpleTable";
				PRODUCT_NAME = "$(TARGET_NAME)";
				SWIFT_EMIT_LOC_STRINGS = YES;
				SWIFT_VERSION = 5.0;
				TARGETED_DEVICE_FAMILY = "1,2";
			};
			name = Debug;
		};
		D8A0D4DE289F6889000A6308 /* Release */ = {
			isa = XCBuildConfiguration;
			buildSettings = {
				ASSETCATALOG_COMPILER_APPICON_NAME = AppIcon;
				ASSETCATALOG_COMPILER_GLOBAL_ACCENT_COLOR_NAME = AccentColor;
				CODE_SIGN_STYLE = Automatic;
				CURRENT_PROJECT_VERSION = 1;
				GENERATE_INFOPLIST_FILE = YES;
				INFOPLIST_FILE = SimpleTable/Info.plist;
				INFOPLIST_KEY_UIApplicationSupportsIndirectInputEvents = YES;
				INFOPLIST_KEY_UILaunchStoryboardName = LaunchScreen;
				INFOPLIST_KEY_UIMainStoryboardFile = Main;
				INFOPLIST_KEY_UISupportedInterfaceOrientations_iPad = "UIInterfaceOrientationPortrait UIInterfaceOrientationPortraitUpsideDown UIInterfaceOrientationLandscapeLeft UIInterfaceOrientationLandscapeRight";
				INFOPLIST_KEY_UISupportedInterfaceOrientations_iPhone = "UIInterfaceOrientationPortrait UIInterfaceOrientationLandscapeLeft UIInterfaceOrientationLandscapeRight";
				LD_RUNPATH_SEARCH_PATHS = (
					"$(inherited)",
					"@executable_path/Frameworks",
				);
				MARKETING_VERSION = 1.0;
				PRODUCT_BUNDLE_IDENTIFIER = "C-HW.SimpleTable";
				PRODUCT_NAME = "$(TARGET_NAME)";
				SWIFT_EMIT_LOC_STRINGS = YES;
				SWIFT_VERSION = 5.0;
				TARGETED_DEVICE_FAMILY = "1,2";
			};
			name = Release;
		};
		D8A0D4E0289F6889000A6308 /* Debug */ = {
			isa = XCBuildConfiguration;
			buildSettings = {
				ALWAYS_EMBED_SWIFT_STANDARD_LIBRARIES = YES;
				BUNDLE_LOADER = "$(TEST_HOST)";
				CODE_SIGN_STYLE = Automatic;
				CURRENT_PROJECT_VERSION = 1;
				GENERATE_INFOPLIST_FILE = YES;
				IPHONEOS_DEPLOYMENT_TARGET = 15.5;
				MARKETING_VERSION = 1.0;
				PRODUCT_BUNDLE_IDENTIFIER = "C-HW.SimpleTableTests";
				PRODUCT_NAME = "$(TARGET_NAME)";
				SWIFT_EMIT_LOC_STRINGS = NO;
				SWIFT_VERSION = 5.0;
				TARGETED_DEVICE_FAMILY = "1,2";
				TEST_HOST = "$(BUILT_PRODUCTS_DIR)/SimpleTable.app/SimpleTable";
			};
			name = Debug;
		};
		D8A0D4E1289F6889000A6308 /* Release */ = {
			isa = XCBuildConfiguration;
			buildSettings = {
				ALWAYS_EMBED_SWIFT_STANDARD_LIBRARIES = YES;
				BUNDLE_LOADER = "$(TEST_HOST)";
				CODE_SIGN_STYLE = Automatic;
				CURRENT_PROJECT_VERSION = 1;
				GENERATE_INFOPLIST_FILE = YES;
				IPHONEOS_DEPLOYMENT_TARGET = 15.5;
				MARKETING_VERSION = 1.0;
				PRODUCT_BUNDLE_IDENTIFIER = "C-HW.SimpleTableTests";
				PRODUCT_NAME = "$(TARGET_NAME)";
				SWIFT_EMIT_LOC_STRINGS = NO;
				SWIFT_VERSION = 5.0;
				TARGETED_DEVICE_FAMILY = "1,2";
				TEST_HOST = "$(BUILT_PRODUCTS_DIR)/SimpleTable.app/SimpleTable";
			};
			name = Release;
		};
		D8A0D4E3289F6889000A6308 /* Debug */ = {
			isa = XCBuildConfiguration;
			buildSettings = {
				ALWAYS_EMBED_SWIFT_STANDARD_LIBRARIES = YES;
				CODE_SIGN_STYLE = Automatic;
				CURRENT_PROJECT_VERSION = 1;
				GENERATE_INFOPLIST_FILE = YES;
				MARKETING_VERSION = 1.0;
				PRODUCT_BUNDLE_IDENTIFIER = "C-HW.SimpleTableUITests";
				PRODUCT_NAME = "$(TARGET_NAME)";
				SWIFT_EMIT_LOC_STRINGS = NO;
				SWIFT_VERSION = 5.0;
				TARGETED_DEVICE_FAMILY = "1,2";
				TEST_TARGET_NAME = SimpleTable;
			};
			name = Debug;
		};
		D8A0D4E4289F6889000A6308 /* Release */ = {
			isa = XCBuildConfiguration;
			buildSettings = {
				ALWAYS_EMBED_SWIFT_STANDARD_LIBRARIES = YES;
				CODE_SIGN_STYLE = Automatic;
				CURRENT_PROJECT_VERSION = 1;
				GENERATE_INFOPLIST_FILE = YES;
				MARKETING_VERSION = 1.0;
				PRODUCT_BUNDLE_IDENTIFIER = "C-HW.SimpleTableUITests";
				PRODUCT_NAME = "$(TARGET_NAME)";
				SWIFT_EMIT_LOC_STRINGS = NO;
				SWIFT_VERSION = 5.0;
				TARGETED_DEVICE_FAMILY = "1,2";
				TEST_TARGET_NAME = SimpleTable;
			};
			name = Release;
		};
/* End XCBuildConfiguration section */

/* Begin XCConfigurationList section */
		D8A0D4AD289F6887000A6308 /* Build configuration list for PBXProject "SimpleTable" */ = {
			isa = XCConfigurationList;
			buildConfigurations = (
				D8A0D4DA289F6889000A6308 /* Debug */,
				D8A0D4DB289F6889000A6308 /* Release */,
			);
			defaultConfigurationIsVisible = 0;
			defaultConfigurationName = Release;
		};
		D8A0D4DC289F6889000A6308 /* Build configuration list for PBXNativeTarget "SimpleTable" */ = {
			isa = XCConfigurationList;
			buildConfigurations = (
				D8A0D4DD289F6889000A6308 /* Debug */,
				D8A0D4DE289F6889000A6308 /* Release */,
			);
			defaultConfigurationIsVisible = 0;
			defaultConfigurationName = Release;
		};
		D8A0D4DF289F6889000A6308 /* Build configuration list for PBXNativeTarget "SimpleTableTests" */ = {
			isa = XCConfigurationList;
			buildConfigurations = (
				D8A0D4E0289F6889000A6308 /* Debug */,
				D8A0D4E1289F6889000A6308 /* Release */,
			);
			defaultConfigurationIsVisible = 0;
			defaultConfigurationName = Release;
		};
		D8A0D4E2289F6889000A6308 /* Build configuration list for PBXNativeTarget "SimpleTableUITests" */ = {
			isa = XCConfigurationList;
			buildConfigurations = (
				D8A0D4E3289F6889000A6308 /* Debug */,
				D8A0D4E4289F6889000A6308 /* Release */,
			);
			defaultConfigurationIsVisible = 0;
			defaultConfigurationName = Release;
		};
/* End XCConfigurationList section */
	};
	rootObject = D8A0D4AA289F6887000A6308 /* Project object */;
}
