// !$*UTF8*$!
{
	archiveVersion = 1;
	classes = {
	};
	objectVersion = 55;
	objects = {

/* Begin PBXBuildFile section */
		D80300A9289A940F004F804F /* AppDelegate.swift in Sources */ = {isa = PBXBuildFile; fileRef = D80300A8289A940F004F804F /* AppDelegate.swift */; };
		D80300AB289A940F004F804F /* SceneDelegate.swift in Sources */ = {isa = PBXBuildFile; fileRef = D80300AA289A940F004F804F /* SceneDelegate.swift */; };
		D80300AD289A940F004F804F /* ViewController.swift in Sources */ = {isa = PBXBuildFile; fileRef = D80300AC289A940F004F804F /* ViewController.swift */; };
		D80300B0289A940F004F804F /* Main.storyboard in Resources */ = {isa = PBXBuildFile; fileRef = D80300AE289A940F004F804F /* Main.storyboard */; };
		D80300B2289A9411004F804F /* Assets.xcassets in Resources */ = {isa = PBXBuildFile; fileRef = D80300B1289A9411004F804F /* Assets.xcassets */; };
		D80300B5289A9411004F804F /* LaunchScreen.storyboard in Resources */ = {isa = PBXBuildFile; fileRef = D80300B3289A9411004F804F /* LaunchScreen.storyboard */; };
		D80300C0289A9411004F804F /* TabGestureTests.swift in Sources */ = {isa = PBXBuildFile; fileRef = D80300BF289A9411004F804F /* TabGestureTests.swift */; };
		D80300CA289A9411004F804F /* TabGestureUITests.swift in Sources */ = {isa = PBXBuildFile; fileRef = D80300C9289A9411004F804F /* TabGestureUITests.swift */; };
		D80300CC289A9411004F804F /* TabGestureUITestsLaunchTests.swift in Sources */ = {isa = PBXBuildFile; fileRef = D80300CB289A9411004F804F /* TabGestureUITestsLaunchTests.swift */; };
/* End PBXBuildFile section */

/* Begin PBXContainerItemProxy section */
		D80300BC289A9411004F804F /* PBXContainerItemProxy */ = {
			isa = PBXContainerItemProxy;
			containerPortal = D803009D289A940F004F804F /* Project object */;
			proxyType = 1;
			remoteGlobalIDString = D80300A4289A940F004F804F;
			remoteInfo = TabGesture;
		};
		D80300C6289A9411004F804F /* PBXContainerItemProxy */ = {
			isa = PBXContainerItemProxy;
			containerPortal = D803009D289A940F004F804F /* Project object */;
			proxyType = 1;
			remoteGlobalIDString = D80300A4289A940F004F804F;
			remoteInfo = TabGesture;
		};
/* End PBXContainerItemProxy section */

/* Begin PBXFileReference section */
		D80300A5289A940F004F804F /* TabGesture.app */ = {isa = PBXFileReference; explicitFileType = wrapper.application; includeInIndex = 0; path = TabGesture.app; sourceTree = BUILT_PRODUCTS_DIR; };
		D80300A8289A940F004F804F /* AppDelegate.swift */ = {isa = PBXFileReference; lastKnownFileType = sourcecode.swift; path = AppDelegate.swift; sourceTree = "<group>"; };
		D80300AA289A940F004F804F /* SceneDelegate.swift */ = {isa = PBXFileReference; lastKnownFileType = sourcecode.swift; path = SceneDelegate.swift; sourceTree = "<group>"; };
		D80300AC289A940F004F804F /* ViewController.swift */ = {isa = PBXFileReference; lastKnownFileType = sourcecode.swift; path = ViewController.swift; sourceTree = "<group>"; };
		D80300AF289A940F004F804F /* Base */ = {isa = PBXFileReference; lastKnownFileType = file.storyboard; name = Base; path = Base.lproj/Main.storyboard; sourceTree = "<group>"; };
		D80300B1289A9411004F804F /* Assets.xcassets */ = {isa = PBXFileReference; lastKnownFileType = folder.assetcatalog; path = Assets.xcassets; sourceTree = "<group>"; };
		D80300B4289A9411004F804F /* Base */ = {isa = PBXFileReference; lastKnownFileType = file.storyboard; name = Base; path = Base.lproj/LaunchScreen.storyboard; sourceTree = "<group>"; };
		D80300B6289A9411004F804F /* Info.plist */ = {isa = PBXFileReference; lastKnownFileType = text.plist.xml; path = Info.plist; sourceTree = "<group>"; };
		D80300BB289A9411004F804F /* TabGestureTests.xctest */ = {isa = PBXFileReference; explicitFileType = wrapper.cfbundle; includeInIndex = 0; path = TabGestureTests.xctest; sourceTree = BUILT_PRODUCTS_DIR; };
		D80300BF289A9411004F804F /* TabGestureTests.swift */ = {isa = PBXFileReference; lastKnownFileType = sourcecode.swift; path = TabGestureTests.swift; sourceTree = "<group>"; };
		D80300C5289A9411004F804F /* TabGestureUITests.xctest */ = {isa = PBXFileReference; explicitFileType = wrapper.cfbundle; includeInIndex = 0; path = TabGestureUITests.xctest; sourceTree = BUILT_PRODUCTS_DIR; };
		D80300C9289A9411004F804F /* TabGestureUITests.swift */ = {isa = PBXFileReference; lastKnownFileType = sourcecode.swift; path = TabGestureUITests.swift; sourceTree = "<group>"; };
		D80300CB289A9411004F804F /* TabGestureUITestsLaunchTests.swift */ = {isa = PBXFileReference; lastKnownFileType = sourcecode.swift; path = TabGestureUITestsLaunchTests.swift; sourceTree = "<group>"; };
/* End PBXFileReference section */

/* Begin PBXFrameworksBuildPhase section */
		D80300A2289A940F004F804F /* Frameworks */ = {
			isa = PBXFrameworksBuildPhase;
			buildActionMask = 2147483647;
			files = (
			);
			runOnlyForDeploymentPostprocessing = 0;
		};
		D80300B8289A9411004F804F /* Frameworks */ = {
			isa = PBXFrameworksBuildPhase;
			buildActionMask = 2147483647;
			files = (
			);
			runOnlyForDeploymentPostprocessing = 0;
		};
		D80300C2289A9411004F804F /* Frameworks */ = {
			isa = PBXFrameworksBuildPhase;
			buildActionMask = 2147483647;
			files = (
			);
			runOnlyForDeploymentPostprocessing = 0;
		};
/* End PBXFrameworksBuildPhase section */

/* Begin PBXGroup section */
		D803009C289A940F004F804F = {
			isa = PBXGroup;
			children = (
				D80300A7289A940F004F804F /* TabGesture */,
				D80300BE289A9411004F804F /* TabGestureTests */,
				D80300C8289A9411004F804F /* TabGestureUITests */,
				D80300A6289A940F004F804F /* Products */,
			);
			sourceTree = "<group>";
		};
		D80300A6289A940F004F804F /* Products */ = {
			isa = PBXGroup;
			children = (
				D80300A5289A940F004F804F /* TabGesture.app */,
				D80300BB289A9411004F804F /* TabGestureTests.xctest */,
				D80300C5289A9411004F804F /* TabGestureUITests.xctest */,
			);
			name = Products;
			sourceTree = "<group>";
		};
		D80300A7289A940F004F804F /* TabGesture */ = {
			isa = PBXGroup;
			children = (
				D80300A8289A940F004F804F /* AppDelegate.swift */,
				D80300AA289A940F004F804F /* SceneDelegate.swift */,
				D80300AC289A940F004F804F /* ViewController.swift */,
				D80300AE289A940F004F804F /* Main.storyboard */,
				D80300B1289A9411004F804F /* Assets.xcassets */,
				D80300B3289A9411004F804F /* LaunchScreen.storyboard */,
				D80300B6289A9411004F804F /* Info.plist */,
			);
			path = TabGesture;
			sourceTree = "<group>";
		};
		D80300BE289A9411004F804F /* TabGestureTests */ = {
			isa = PBXGroup;
			children = (
				D80300BF289A9411004F804F /* TabGestureTests.swift */,
			);
			path = TabGestureTests;
			sourceTree = "<group>";
		};
		D80300C8289A9411004F804F /* TabGestureUITests */ = {
			isa = PBXGroup;
			children = (
				D80300C9289A9411004F804F /* TabGestureUITests.swift */,
				D80300CB289A9411004F804F /* TabGestureUITestsLaunchTests.swift */,
			);
			path = TabGestureUITests;
			sourceTree = "<group>";
		};
/* End PBXGroup section */

/* Begin PBXNativeTarget section */
		D80300A4289A940F004F804F /* TabGesture */ = {
			isa = PBXNativeTarget;
			buildConfigurationList = D80300CF289A9411004F804F /* Build configuration list for PBXNativeTarget "TabGesture" */;
			buildPhases = (
				D80300A1289A940F004F804F /* Sources */,
				D80300A2289A940F004F804F /* Frameworks */,
				D80300A3289A940F004F804F /* Resources */,
			);
			buildRules = (
			);
			dependencies = (
			);
			name = TabGesture;
			productName = TabGesture;
			productReference = D80300A5289A940F004F804F /* TabGesture.app */;
			productType = "com.apple.product-type.application";
		};
		D80300BA289A9411004F804F /* TabGestureTests */ = {
			isa = PBXNativeTarget;
			buildConfigurationList = D80300D2289A9411004F804F /* Build configuration list for PBXNativeTarget "TabGestureTests" */;
			buildPhases = (
				D80300B7289A9411004F804F /* Sources */,
				D80300B8289A9411004F804F /* Frameworks */,
				D80300B9289A9411004F804F /* Resources */,
			);
			buildRules = (
			);
			dependencies = (
				D80300BD289A9411004F804F /* PBXTargetDependency */,
			);
			name = TabGestureTests;
			productName = TabGestureTests;
			productReference = D80300BB289A9411004F804F /* TabGestureTests.xctest */;
			productType = "com.apple.product-type.bundle.unit-test";
		};
		D80300C4289A9411004F804F /* TabGestureUITests */ = {
			isa = PBXNativeTarget;
			buildConfigurationList = D80300D5289A9411004F804F /* Build configuration list for PBXNativeTarget "TabGestureUITests" */;
			buildPhases = (
				D80300C1289A9411004F804F /* Sources */,
				D80300C2289A9411004F804F /* Frameworks */,
				D80300C3289A9411004F804F /* Resources */,
			);
			buildRules = (
			);
			dependencies = (
				D80300C7289A9411004F804F /* PBXTargetDependency */,
			);
			name = TabGestureUITests;
			productName = TabGestureUITests;
			productReference = D80300C5289A9411004F804F /* TabGestureUITests.xctest */;
			productType = "com.apple.product-type.bundle.ui-testing";
		};
/* End PBXNativeTarget section */

/* Begin PBXProject section */
		D803009D289A940F004F804F /* Project object */ = {
			isa = PBXProject;
			attributes = {
				BuildIndependentTargetsInParallel = 1;
				LastSwiftUpdateCheck = 1340;
				LastUpgradeCheck = 1340;
				TargetAttributes = {
					D80300A4289A940F004F804F = {
						CreatedOnToolsVersion = 13.4.1;
					};
					D80300BA289A9411004F804F = {
						CreatedOnToolsVersion = 13.4.1;
						TestTargetID = D80300A4289A940F004F804F;
					};
					D80300C4289A9411004F804F = {
						CreatedOnToolsVersion = 13.4.1;
						TestTargetID = D80300A4289A940F004F804F;
					};
				};
			};
			buildConfigurationList = D80300A0289A940F004F804F /* Build configuration list for PBXProject "TabGesture" */;
			compatibilityVersion = "Xcode 13.0";
			developmentRegion = en;
			hasScannedForEncodings = 0;
			knownRegions = (
				en,
				Base,
			);
			mainGroup = D803009C289A940F004F804F;
			productRefGroup = D80300A6289A940F004F804F /* Products */;
			projectDirPath = "";
			projectRoot = "";
			targets = (
				D80300A4289A940F004F804F /* TabGesture */,
				D80300BA289A9411004F804F /* TabGestureTests */,
				D80300C4289A9411004F804F /* TabGestureUITests */,
			);
		};
/* End PBXProject section */

/* Begin PBXResourcesBuildPhase section */
		D80300A3289A940F004F804F /* Resources */ = {
			isa = PBXResourcesBuildPhase;
			buildActionMask = 2147483647;
			files = (
				D80300B5289A9411004F804F /* LaunchScreen.storyboard in Resources */,
				D80300B2289A9411004F804F /* Assets.xcassets in Resources */,
				D80300B0289A940F004F804F /* Main.storyboard in Resources */,
			);
			runOnlyForDeploymentPostprocessing = 0;
		};
		D80300B9289A9411004F804F /* Resources */ = {
			isa = PBXResourcesBuildPhase;
			buildActionMask = 2147483647;
			files = (
			);
			runOnlyForDeploymentPostprocessing = 0;
		};
		D80300C3289A9411004F804F /* Resources */ = {
			isa = PBXResourcesBuildPhase;
			buildActionMask = 2147483647;
			files = (
			);
			runOnlyForDeploymentPostprocessing = 0;
		};
/* End PBXResourcesBuildPhase section */

/* Begin PBXSourcesBuildPhase section */
		D80300A1289A940F004F804F /* Sources */ = {
			isa = PBXSourcesBuildPhase;
			buildActionMask = 2147483647;
			files = (
				D80300AD289A940F004F804F /* ViewController.swift in Sources */,
				D80300A9289A940F004F804F /* AppDelegate.swift in Sources */,
				D80300AB289A940F004F804F /* SceneDelegate.swift in Sources */,
			);
			runOnlyForDeploymentPostprocessing = 0;
		};
		D80300B7289A9411004F804F /* Sources */ = {
			isa = PBXSourcesBuildPhase;
			buildActionMask = 2147483647;
			files = (
				D80300C0289A9411004F804F /* TabGestureTests.swift in Sources */,
			);
			runOnlyForDeploymentPostprocessing = 0;
		};
		D80300C1289A9411004F804F /* Sources */ = {
			isa = PBXSourcesBuildPhase;
			buildActionMask = 2147483647;
			files = (
				D80300CC289A9411004F804F /* TabGestureUITestsLaunchTests.swift in Sources */,
				D80300CA289A9411004F804F /* TabGestureUITests.swift in Sources */,
			);
			runOnlyForDeploymentPostprocessing = 0;
		};
/* End PBXSourcesBuildPhase section */

/* Begin PBXTargetDependency section */
		D80300BD289A9411004F804F /* PBXTargetDependency */ = {
			isa = PBXTargetDependency;
			target = D80300A4289A940F004F804F /* TabGesture */;
			targetProxy = D80300BC289A9411004F804F /* PBXContainerItemProxy */;
		};
		D80300C7289A9411004F804F /* PBXTargetDependency */ = {
			isa = PBXTargetDependency;
			target = D80300A4289A940F004F804F /* TabGesture */;
			targetProxy = D80300C6289A9411004F804F /* PBXContainerItemProxy */;
		};
/* End PBXTargetDependency section */

/* Begin PBXVariantGroup section */
		D80300AE289A940F004F804F /* Main.storyboard */ = {
			isa = PBXVariantGroup;
			children = (
				D80300AF289A940F004F804F /* Base */,
			);
			name = Main.storyboard;
			sourceTree = "<group>";
		};
		D80300B3289A9411004F804F /* LaunchScreen.storyboard */ = {
			isa = PBXVariantGroup;
			children = (
				D80300B4289A9411004F804F /* Base */,
			);
			name = LaunchScreen.storyboard;
			sourceTree = "<group>";
		};
/* End PBXVariantGroup section */

/* Begin XCBuildConfiguration section */
		D80300CD289A9411004F804F /* Debug */ = {
			isa = XCBuildConfiguration;
			buildSettings = {
				ALWAYS_SEARCH_USER_PATHS = NO;
				CLANG_ANALYZER_NONNULL = YES;
				CLANG_ANALYZER_NUMBER_OBJECT_CONVERSION = YES_AGGRESSIVE;
				CLANG_CXX_LANGUAGE_STANDARD = "gnu++17";
				CLANG_ENABLE_MODULES = YES;
				CLANG_ENABLE_OBJC_ARC = YES;
				CLANG_ENABLE_OBJC_WEAK = YES;
				CLANG_WARN_BLOCK_CAPTURE_AUTORELEASING = YES;
				CLANG_WARN_BOOL_CONVERSION = YES;
				CLANG_WARN_COMMA = YES;
				CLANG_WARN_CONSTANT_CONVERSION = YES;
				CLANG_WARN_DEPRECATED_OBJC_IMPLEMENTATIONS = YES;
				CLANG_WARN_DIRECT_OBJC_ISA_USAGE = YES_ERROR;
				CLANG_WARN_DOCUMENTATION_COMMENTS = YES;
				CLANG_WARN_EMPTY_BODY = YES;
				CLANG_WARN_ENUM_CONVERSION = YES;
				CLANG_WARN_INFINITE_RECURSION = YES;
				CLANG_WARN_INT_CONVERSION = YES;
				CLANG_WARN_NON_LITERAL_NULL_CONVERSION = YES;
				CLANG_WARN_OBJC_IMPLICIT_RETAIN_SELF = YES;
				CLANG_WARN_OBJC_LITERAL_CONVERSION = YES;
				CLANG_WARN_OBJC_ROOT_CLASS = YES_ERROR;
				CLANG_WARN_QUOTED_INCLUDE_IN_FRAMEWORK_HEADER = YES;
				CLANG_WARN_RANGE_LOOP_ANALYSIS = YES;
				CLANG_WARN_STRICT_PROTOTYPES = YES;
				CLANG_WARN_SUSPICIOUS_MOVE = YES;
				CLANG_WARN_UNGUARDED_AVAILABILITY = YES_AGGRESSIVE;
				CLANG_WARN_UNREACHABLE_CODE = YES;
				CLANG_WARN__DUPLICATE_METHOD_MATCH = YES;
				COPY_PHASE_STRIP = NO;
				DEBUG_INFORMATION_FORMAT = dwarf;
				ENABLE_STRICT_OBJC_MSGSEND = YES;
				ENABLE_TESTABILITY = YES;
				GCC_C_LANGUAGE_STANDARD = gnu11;
				GCC_DYNAMIC_NO_PIC = NO;
				GCC_NO_COMMON_BLOCKS = YES;
				GCC_OPTIMIZATION_LEVEL = 0;
				GCC_PREPROCESSOR_DEFINITIONS = (
					"DEBUG=1",
					"$(inherited)",
				);
				GCC_WARN_64_TO_32_BIT_CONVERSION = YES;
				GCC_WARN_ABOUT_RETURN_TYPE = YES_ERROR;
				GCC_WARN_UNDECLARED_SELECTOR = YES;
				GCC_WARN_UNINITIALIZED_AUTOS = YES_AGGRESSIVE;
				GCC_WARN_UNUSED_FUNCTION = YES;
				GCC_WARN_UNUSED_VARIABLE = YES;
				IPHONEOS_DEPLOYMENT_TARGET = 15.5;
				MTL_ENABLE_DEBUG_INFO = INCLUDE_SOURCE;
				MTL_FAST_MATH = YES;
				ONLY_ACTIVE_ARCH = YES;
				SDKROOT = iphoneos;
				SWIFT_ACTIVE_COMPILATION_CONDITIONS = DEBUG;
				SWIFT_OPTIMIZATION_LEVEL = "-Onone";
			};
			name = Debug;
		};
		D80300CE289A9411004F804F /* Release */ = {
			isa = XCBuildConfiguration;
			buildSettings = {
				ALWAYS_SEARCH_USER_PATHS = NO;
				CLANG_ANALYZER_NONNULL = YES;
				CLANG_ANALYZER_NUMBER_OBJECT_CONVERSION = YES_AGGRESSIVE;
				CLANG_CXX_LANGUAGE_STANDARD = "gnu++17";
				CLANG_ENABLE_MODULES = YES;
				CLANG_ENABLE_OBJC_ARC = YES;
				CLANG_ENABLE_OBJC_WEAK = YES;
				CLANG_WARN_BLOCK_CAPTURE_AUTORELEASING = YES;
				CLANG_WARN_BOOL_CONVERSION = YES;
				CLANG_WARN_COMMA = YES;
				CLANG_WARN_CONSTANT_CONVERSION = YES;
				CLANG_WARN_DEPRECATED_OBJC_IMPLEMENTATIONS = YES;
				CLANG_WARN_DIRECT_OBJC_ISA_USAGE = YES_ERROR;
				CLANG_WARN_DOCUMENTATION_COMMENTS = YES;
				CLANG_WARN_EMPTY_BODY = YES;
				CLANG_WARN_ENUM_CONVERSION = YES;
				CLANG_WARN_INFINITE_RECURSION = YES;
				CLANG_WARN_INT_CONVERSION = YES;
				CLANG_WARN_NON_LITERAL_NULL_CONVERSION = YES;
				CLANG_WARN_OBJC_IMPLICIT_RETAIN_SELF = YES;
				CLANG_WARN_OBJC_LITERAL_CONVERSION = YES;
				CLANG_WARN_OBJC_ROOT_CLASS = YES_ERROR;
				CLANG_WARN_QUOTED_INCLUDE_IN_FRAMEWORK_HEADER = YES;
				CLANG_WARN_RANGE_LOOP_ANALYSIS = YES;
				CLANG_WARN_STRICT_PROTOTYPES = YES;
				CLANG_WARN_SUSPICIOUS_MOVE = YES;
				CLANG_WARN_UNGUARDED_AVAILABILITY = YES_AGGRESSIVE;
				CLANG_WARN_UNREACHABLE_CODE = YES;
				CLANG_WARN__DUPLICATE_METHOD_MATCH = YES;
				COPY_PHASE_STRIP = NO;
				DEBUG_INFORMATION_FORMAT = "dwarf-with-dsym";
				ENABLE_NS_ASSERTIONS = NO;
				ENABLE_STRICT_OBJC_MSGSEND = YES;
				GCC_C_LANGUAGE_STANDARD = gnu11;
				GCC_NO_COMMON_BLOCKS = YES;
				GCC_WARN_64_TO_32_BIT_CONVERSION = YES;
				GCC_WARN_ABOUT_RETURN_TYPE = YES_ERROR;
				GCC_WARN_UNDECLARED_SELECTOR = YES;
				GCC_WARN_UNINITIALIZED_AUTOS = YES_AGGRESSIVE;
				GCC_WARN_UNUSED_FUNCTION = YES;
				GCC_WARN_UNUSED_VARIABLE = YES;
				IPHONEOS_DEPLOYMENT_TARGET = 15.5;
				MTL_ENABLE_DEBUG_INFO = NO;
				MTL_FAST_MATH = YES;
				SDKROOT = iphoneos;
				SWIFT_COMPILATION_MODE = wholemodule;
				SWIFT_OPTIMIZATION_LEVEL = "-O";
				VALIDATE_PRODUCT = YES;
			};
			name = Release;
		};
		D80300D0289A9411004F804F /* Debug */ = {
			isa = XCBuildConfiguration;
			buildSettings = {
				ASSETCATALOG_COMPILER_APPICON_NAME = AppIcon;
				ASSETCATALOG_COMPILER_GLOBAL_ACCENT_COLOR_NAME = AccentColor;
				CODE_SIGN_STYLE = Automatic;
				CURRENT_PROJECT_VERSION = 1;
				GENERATE_INFOPLIST_FILE = YES;
				INFOPLIST_FILE = TabGesture/Info.plist;
				INFOPLIST_KEY_UIApplicationSupportsIndirectInputEvents = YES;
				INFOPLIST_KEY_UILaunchStoryboardName = LaunchScreen;
				INFOPLIST_KEY_UIMainStoryboardFile = Main;
				INFOPLIST_KEY_UISupportedInterfaceOrientations_iPad = "UIInterfaceOrientationPortrait UIInterfaceOrientationPortraitUpsideDown UIInterfaceOrientationLandscapeLeft UIInterfaceOrientationLandscapeRight";
				INFOPLIST_KEY_UISupportedInterfaceOrientations_iPhone = "UIInterfaceOrientationPortrait UIInterfaceOrientationLandscapeLeft UIInterfaceOrientationLandscapeRight";
				LD_RUNPATH_SEARCH_PATHS = (
					"$(inherited)",
					"@executable_path/Frameworks",
				);
				MARKETING_VERSION = 1.0;
				PRODUCT_BUNDLE_IDENTIFIER = "C-HW.TabGesture";
				PRODUCT_NAME = "$(TARGET_NAME)";
				SWIFT_EMIT_LOC_STRINGS = YES;
				SWIFT_VERSION = 5.0;
				TARGETED_DEVICE_FAMILY = "1,2";
			};
			name = Debug;
		};
		D80300D1289A9411004F804F /* Release */ = {
			isa = XCBuildConfiguration;
			buildSettings = {
				ASSETCATALOG_COMPILER_APPICON_NAME = AppIcon;
				ASSETCATALOG_COMPILER_GLOBAL_ACCENT_COLOR_NAME = AccentColor;
				CODE_SIGN_STYLE = Automatic;
				CURRENT_PROJECT_VERSION = 1;
				GENERATE_INFOPLIST_FILE = YES;
				INFOPLIST_FILE = TabGesture/Info.plist;
				INFOPLIST_KEY_UIApplicationSupportsIndirectInputEvents = YES;
				INFOPLIST_KEY_UILaunchStoryboardName = LaunchScreen;
				INFOPLIST_KEY_UIMainStoryboardFile = Main;
				INFOPLIST_KEY_UISupportedInterfaceOrientations_iPad = "UIInterfaceOrientationPortrait UIInterfaceOrientationPortraitUpsideDown UIInterfaceOrientationLandscapeLeft UIInterfaceOrientationLandscapeRight";
				INFOPLIST_KEY_UISupportedInterfaceOrientations_iPhone = "UIInterfaceOrientationPortrait UIInterfaceOrientationLandscapeLeft UIInterfaceOrientationLandscapeRight";
				LD_RUNPATH_SEARCH_PATHS = (
					"$(inherited)",
					"@executable_path/Frameworks",
				);
				MARKETING_VERSION = 1.0;
				PRODUCT_BUNDLE_IDENTIFIER = "C-HW.TabGesture";
				PRODUCT_NAME = "$(TARGET_NAME)";
				SWIFT_EMIT_LOC_STRINGS = YES;
				SWIFT_VERSION = 5.0;
				TARGETED_DEVICE_FAMILY = "1,2";
			};
			name = Release;
		};
		D80300D3289A9411004F804F /* Debug */ = {
			isa = XCBuildConfiguration;
			buildSettings = {
				ALWAYS_EMBED_SWIFT_STANDARD_LIBRARIES = YES;
				BUNDLE_LOADER = "$(TEST_HOST)";
				CODE_SIGN_STYLE = Automatic;
				CURRENT_PROJECT_VERSION = 1;
				GENERATE_INFOPLIST_FILE = YES;
				IPHONEOS_DEPLOYMENT_TARGET = 15.5;
				MARKETING_VERSION = 1.0;
				PRODUCT_BUNDLE_IDENTIFIER = "C-HW.TabGestureTests";
				PRODUCT_NAME = "$(TARGET_NAME)";
				SWIFT_EMIT_LOC_STRINGS = NO;
				SWIFT_VERSION = 5.0;
				TARGETED_DEVICE_FAMILY = "1,2";
				TEST_HOST = "$(BUILT_PRODUCTS_DIR)/TabGesture.app/TabGesture";
			};
			name = Debug;
		};
		D80300D4289A9411004F804F /* Release */ = {
			isa = XCBuildConfiguration;
			buildSettings = {
				ALWAYS_EMBED_SWIFT_STANDARD_LIBRARIES = YES;
				BUNDLE_LOADER = "$(TEST_HOST)";
				CODE_SIGN_STYLE = Automatic;
				CURRENT_PROJECT_VERSION = 1;
				GENERATE_INFOPLIST_FILE = YES;
				IPHONEOS_DEPLOYMENT_TARGET = 15.5;
				MARKETING_VERSION = 1.0;
				PRODUCT_BUNDLE_IDENTIFIER = "C-HW.TabGestureTests";
				PRODUCT_NAME = "$(TARGET_NAME)";
				SWIFT_EMIT_LOC_STRINGS = NO;
				SWIFT_VERSION = 5.0;
				TARGETED_DEVICE_FAMILY = "1,2";
				TEST_HOST = "$(BUILT_PRODUCTS_DIR)/TabGesture.app/TabGesture";
			};
			name = Release;
		};
		D80300D6289A9411004F804F /* Debug */ = {
			isa = XCBuildConfiguration;
			buildSettings = {
				ALWAYS_EMBED_SWIFT_STANDARD_LIBRARIES = YES;
				CODE_SIGN_STYLE = Automatic;
				CURRENT_PROJECT_VERSION = 1;
				GENERATE_INFOPLIST_FILE = YES;
				MARKETING_VERSION = 1.0;
				PRODUCT_BUNDLE_IDENTIFIER = "C-HW.TabGestureUITests";
				PRODUCT_NAME = "$(TARGET_NAME)";
				SWIFT_EMIT_LOC_STRINGS = NO;
				SWIFT_VERSION = 5.0;
				TARGETED_DEVICE_FAMILY = "1,2";
				TEST_TARGET_NAME = TabGesture;
			};
			name = Debug;
		};
		D80300D7289A9411004F804F /* Release */ = {
			isa = XCBuildConfiguration;
			buildSettings = {
				ALWAYS_EMBED_SWIFT_STANDARD_LIBRARIES = YES;
				CODE_SIGN_STYLE = Automatic;
				CURRENT_PROJECT_VERSION = 1;
				GENERATE_INFOPLIST_FILE = YES;
				MARKETING_VERSION = 1.0;
				PRODUCT_BUNDLE_IDENTIFIER = "C-HW.TabGestureUITests";
				PRODUCT_NAME = "$(TARGET_NAME)";
				SWIFT_EMIT_LOC_STRINGS = NO;
				SWIFT_VERSION = 5.0;
				TARGETED_DEVICE_FAMILY = "1,2";
				TEST_TARGET_NAME = TabGesture;
			};
			name = Release;
		};
/* End XCBuildConfiguration section */

/* Begin XCConfigurationList section */
		D80300A0289A940F004F804F /* Build configuration list for PBXProject "TabGesture" */ = {
			isa = XCConfigurationList;
			buildConfigurations = (
				D80300CD289A9411004F804F /* Debug */,
				D80300CE289A9411004F804F /* Release */,
			);
			defaultConfigurationIsVisible = 0;
			defaultConfigurationName = Release;
		};
		D80300CF289A9411004F804F /* Build configuration list for PBXNativeTarget "TabGesture" */ = {
			isa = XCConfigurationList;
			buildConfigurations = (
				D80300D0289A9411004F804F /* Debug */,
				D80300D1289A9411004F804F /* Release */,
			);
			defaultConfigurationIsVisible = 0;
			defaultConfigurationName = Release;
		};
		D80300D2289A9411004F804F /* Build configuration list for PBXNativeTarget "TabGestureTests" */ = {
			isa = XCConfigurationList;
			buildConfigurations = (
				D80300D3289A9411004F804F /* Debug */,
				D80300D4289A9411004F804F /* Release */,
			);
			defaultConfigurationIsVisible = 0;
			defaultConfigurationName = Release;
		};
		D80300D5289A9411004F804F /* Build configuration list for PBXNativeTarget "TabGestureUITests" */ = {
			isa = XCConfigurationList;
			buildConfigurations = (
				D80300D6289A9411004F804F /* Debug */,
				D80300D7289A9411004F804F /* Release */,
			);
			defaultConfigurationIsVisible = 0;
			defaultConfigurationName = Release;
		};
/* End XCConfigurationList section */
	};
	rootObject = D803009D289A940F004F804F /* Project object */;
}
