// !$*UTF8*$!
{
	archiveVersion = 1;
	classes = {
	};
	objectVersion = 55;
	objects = {

/* Begin PBXBuildFile section */
		D8FDA14028AA18BB00BC9509 /* AppDelegate.swift in Sources */ = {isa = PBXBuildFile; fileRef = D8FDA13F28AA18BB00BC9509 /* AppDelegate.swift */; };
		D8FDA14228AA18BB00BC9509 /* SceneDelegate.swift in Sources */ = {isa = PBXBuildFile; fileRef = D8FDA14128AA18BB00BC9509 /* SceneDelegate.swift */; };
		D8FDA14428AA18BB00BC9509 /* ViewController.swift in Sources */ = {isa = PBXBuildFile; fileRef = D8FDA14328AA18BB00BC9509 /* ViewController.swift */; };
		D8FDA14728AA18BB00BC9509 /* Main.storyboard in Resources */ = {isa = PBXBuildFile; fileRef = D8FDA14528AA18BB00BC9509 /* Main.storyboard */; };
		D8FDA14928AA18BD00BC9509 /* Assets.xcassets in Resources */ = {isa = PBXBuildFile; fileRef = D8FDA14828AA18BD00BC9509 /* Assets.xcassets */; };
		D8FDA14C28AA18BD00BC9509 /* LaunchScreen.storyboard in Resources */ = {isa = PBXBuildFile; fileRef = D8FDA14A28AA18BD00BC9509 /* LaunchScreen.storyboard */; };
		D8FDA15728AA18BD00BC9509 /* Project4_MyAlbumTests.swift in Sources */ = {isa = PBXBuildFile; fileRef = D8FDA15628AA18BD00BC9509 /* Project4_MyAlbumTests.swift */; };
		D8FDA16128AA18BD00BC9509 /* Project4_MyAlbumUITests.swift in Sources */ = {isa = PBXBuildFile; fileRef = D8FDA16028AA18BD00BC9509 /* Project4_MyAlbumUITests.swift */; };
		D8FDA16328AA18BD00BC9509 /* Project4_MyAlbumUITestsLaunchTests.swift in Sources */ = {isa = PBXBuildFile; fileRef = D8FDA16228AA18BD00BC9509 /* Project4_MyAlbumUITestsLaunchTests.swift */; };
		D8FDA17028AA18E500BC9509 /* SecondViewController.swift in Sources */ = {isa = PBXBuildFile; fileRef = D8FDA16F28AA18E500BC9509 /* SecondViewController.swift */; };
		D8FDA17228AA18FD00BC9509 /* FirstCollectionViewCell.swift in Sources */ = {isa = PBXBuildFile; fileRef = D8FDA17128AA18FD00BC9509 /* FirstCollectionViewCell.swift */; };
/* End PBXBuildFile section */

/* Begin PBXContainerItemProxy section */
		D8FDA15328AA18BD00BC9509 /* PBXContainerItemProxy */ = {
			isa = PBXContainerItemProxy;
			containerPortal = D8FDA13428AA18BB00BC9509 /* Project object */;
			proxyType = 1;
			remoteGlobalIDString = D8FDA13B28AA18BB00BC9509;
			remoteInfo = "Project4-MyAlbum";
		};
		D8FDA15D28AA18BD00BC9509 /* PBXContainerItemProxy */ = {
			isa = PBXContainerItemProxy;
			containerPortal = D8FDA13428AA18BB00BC9509 /* Project object */;
			proxyType = 1;
			remoteGlobalIDString = D8FDA13B28AA18BB00BC9509;
			remoteInfo = "Project4-MyAlbum";
		};
/* End PBXContainerItemProxy section */

/* Begin PBXFileReference section */
		D8FDA13C28AA18BB00BC9509 /* Project4-MyAlbum.app */ = {isa = PBXFileReference; explicitFileType = wrapper.application; includeInIndex = 0; path = "Project4-MyAlbum.app"; sourceTree = BUILT_PRODUCTS_DIR; };
		D8FDA13F28AA18BB00BC9509 /* AppDelegate.swift */ = {isa = PBXFileReference; lastKnownFileType = sourcecode.swift; path = AppDelegate.swift; sourceTree = "<group>"; };
		D8FDA14128AA18BB00BC9509 /* SceneDelegate.swift */ = {isa = PBXFileReference; lastKnownFileType = sourcecode.swift; path = SceneDelegate.swift; sourceTree = "<group>"; };
		D8FDA14328AA18BB00BC9509 /* ViewController.swift */ = {isa = PBXFileReference; lastKnownFileType = sourcecode.swift; path = ViewController.swift; sourceTree = "<group>"; };
		D8FDA14628AA18BB00BC9509 /* Base */ = {isa = PBXFileReference; lastKnownFileType = file.storyboard; name = Base; path = Base.lproj/Main.storyboard; sourceTree = "<group>"; };
		D8FDA14828AA18BD00BC9509 /* Assets.xcassets */ = {isa = PBXFileReference; lastKnownFileType = folder.assetcatalog; path = Assets.xcassets; sourceTree = "<group>"; };
		D8FDA14B28AA18BD00BC9509 /* Base */ = {isa = PBXFileReference; lastKnownFileType = file.storyboard; name = Base; path = Base.lproj/LaunchScreen.storyboard; sourceTree = "<group>"; };
		D8FDA14D28AA18BD00BC9509 /* Info.plist */ = {isa = PBXFileReference; lastKnownFileType = text.plist.xml; path = Info.plist; sourceTree = "<group>"; };
		D8FDA15228AA18BD00BC9509 /* Project4-MyAlbumTests.xctest */ = {isa = PBXFileReference; explicitFileType = wrapper.cfbundle; includeInIndex = 0; path = "Project4-MyAlbumTests.xctest"; sourceTree = BUILT_PRODUCTS_DIR; };
		D8FDA15628AA18BD00BC9509 /* Project4_MyAlbumTests.swift */ = {isa = PBXFileReference; lastKnownFileType = sourcecode.swift; path = Project4_MyAlbumTests.swift; sourceTree = "<group>"; };
		D8FDA15C28AA18BD00BC9509 /* Project4-MyAlbumUITests.xctest */ = {isa = PBXFileReference; explicitFileType = wrapper.cfbundle; includeInIndex = 0; path = "Project4-MyAlbumUITests.xctest"; sourceTree = BUILT_PRODUCTS_DIR; };
		D8FDA16028AA18BD00BC9509 /* Project4_MyAlbumUITests.swift */ = {isa = PBXFileReference; lastKnownFileType = sourcecode.swift; path = Project4_MyAlbumUITests.swift; sourceTree = "<group>"; };
		D8FDA16228AA18BD00BC9509 /* Project4_MyAlbumUITestsLaunchTests.swift */ = {isa = PBXFileReference; lastKnownFileType = sourcecode.swift; path = Project4_MyAlbumUITestsLaunchTests.swift; sourceTree = "<group>"; };
		D8FDA16F28AA18E500BC9509 /* SecondViewController.swift */ = {isa = PBXFileReference; lastKnownFileType = sourcecode.swift; path = SecondViewController.swift; sourceTree = "<group>"; };
		D8FDA17128AA18FD00BC9509 /* FirstCollectionViewCell.swift */ = {isa = PBXFileReference; lastKnownFileType = sourcecode.swift; path = FirstCollectionViewCell.swift; sourceTree = "<group>"; };
/* End PBXFileReference section */

/* Begin PBXFrameworksBuildPhase section */
		D8FDA13928AA18BB00BC9509 /* Frameworks */ = {
			isa = PBXFrameworksBuildPhase;
			buildActionMask = 2147483647;
			files = (
			);
			runOnlyForDeploymentPostprocessing = 0;
		};
		D8FDA14F28AA18BD00BC9509 /* Frameworks */ = {
			isa = PBXFrameworksBuildPhase;
			buildActionMask = 2147483647;
			files = (
			);
			runOnlyForDeploymentPostprocessing = 0;
		};
		D8FDA15928AA18BD00BC9509 /* Frameworks */ = {
			isa = PBXFrameworksBuildPhase;
			buildActionMask = 2147483647;
			files = (
			);
			runOnlyForDeploymentPostprocessing = 0;
		};
/* End PBXFrameworksBuildPhase section */

/* Begin PBXGroup section */
		D8FDA13328AA18BB00BC9509 = {
			isa = PBXGroup;
			children = (
				D8FDA13E28AA18BB00BC9509 /* Project4-MyAlbum */,
				D8FDA15528AA18BD00BC9509 /* Project4-MyAlbumTests */,
				D8FDA15F28AA18BD00BC9509 /* Project4-MyAlbumUITests */,
				D8FDA13D28AA18BB00BC9509 /* Products */,
			);
			sourceTree = "<group>";
		};
		D8FDA13D28AA18BB00BC9509 /* Products */ = {
			isa = PBXGroup;
			children = (
				D8FDA13C28AA18BB00BC9509 /* Project4-MyAlbum.app */,
				D8FDA15228AA18BD00BC9509 /* Project4-MyAlbumTests.xctest */,
				D8FDA15C28AA18BD00BC9509 /* Project4-MyAlbumUITests.xctest */,
			);
			name = Products;
			sourceTree = "<group>";
		};
		D8FDA13E28AA18BB00BC9509 /* Project4-MyAlbum */ = {
			isa = PBXGroup;
			children = (
				D8FDA13F28AA18BB00BC9509 /* AppDelegate.swift */,
				D8FDA14128AA18BB00BC9509 /* SceneDelegate.swift */,
				D8FDA14328AA18BB00BC9509 /* ViewController.swift */,
				D8FDA14528AA18BB00BC9509 /* Main.storyboard */,
				D8FDA16F28AA18E500BC9509 /* SecondViewController.swift */,
				D8FDA17128AA18FD00BC9509 /* FirstCollectionViewCell.swift */,
				D8FDA14828AA18BD00BC9509 /* Assets.xcassets */,
				D8FDA14A28AA18BD00BC9509 /* LaunchScreen.storyboard */,
				D8FDA14D28AA18BD00BC9509 /* Info.plist */,
			);
			path = "Project4-MyAlbum";
			sourceTree = "<group>";
		};
		D8FDA15528AA18BD00BC9509 /* Project4-MyAlbumTests */ = {
			isa = PBXGroup;
			children = (
				D8FDA15628AA18BD00BC9509 /* Project4_MyAlbumTests.swift */,
			);
			path = "Project4-MyAlbumTests";
			sourceTree = "<group>";
		};
		D8FDA15F28AA18BD00BC9509 /* Project4-MyAlbumUITests */ = {
			isa = PBXGroup;
			children = (
				D8FDA16028AA18BD00BC9509 /* Project4_MyAlbumUITests.swift */,
				D8FDA16228AA18BD00BC9509 /* Project4_MyAlbumUITestsLaunchTests.swift */,
			);
			path = "Project4-MyAlbumUITests";
			sourceTree = "<group>";
		};
/* End PBXGroup section */

/* Begin PBXNativeTarget section */
		D8FDA13B28AA18BB00BC9509 /* Project4-MyAlbum */ = {
			isa = PBXNativeTarget;
			buildConfigurationList = D8FDA16628AA18BD00BC9509 /* Build configuration list for PBXNativeTarget "Project4-MyAlbum" */;
			buildPhases = (
				D8FDA13828AA18BB00BC9509 /* Sources */,
				D8FDA13928AA18BB00BC9509 /* Frameworks */,
				D8FDA13A28AA18BB00BC9509 /* Resources */,
			);
			buildRules = (
			);
			dependencies = (
			);
			name = "Project4-MyAlbum";
			productName = "Project4-MyAlbum";
			productReference = D8FDA13C28AA18BB00BC9509 /* Project4-MyAlbum.app */;
			productType = "com.apple.product-type.application";
		};
		D8FDA15128AA18BD00BC9509 /* Project4-MyAlbumTests */ = {
			isa = PBXNativeTarget;
			buildConfigurationList = D8FDA16928AA18BD00BC9509 /* Build configuration list for PBXNativeTarget "Project4-MyAlbumTests" */;
			buildPhases = (
				D8FDA14E28AA18BD00BC9509 /* Sources */,
				D8FDA14F28AA18BD00BC9509 /* Frameworks */,
				D8FDA15028AA18BD00BC9509 /* Resources */,
			);
			buildRules = (
			);
			dependencies = (
				D8FDA15428AA18BD00BC9509 /* PBXTargetDependency */,
			);
			name = "Project4-MyAlbumTests";
			productName = "Project4-MyAlbumTests";
			productReference = D8FDA15228AA18BD00BC9509 /* Project4-MyAlbumTests.xctest */;
			productType = "com.apple.product-type.bundle.unit-test";
		};
		D8FDA15B28AA18BD00BC9509 /* Project4-MyAlbumUITests */ = {
			isa = PBXNativeTarget;
			buildConfigurationList = D8FDA16C28AA18BD00BC9509 /* Build configuration list for PBXNativeTarget "Project4-MyAlbumUITests" */;
			buildPhases = (
				D8FDA15828AA18BD00BC9509 /* Sources */,
				D8FDA15928AA18BD00BC9509 /* Frameworks */,
				D8FDA15A28AA18BD00BC9509 /* Resources */,
			);
			buildRules = (
			);
			dependencies = (
				D8FDA15E28AA18BD00BC9509 /* PBXTargetDependency */,
			);
			name = "Project4-MyAlbumUITests";
			productName = "Project4-MyAlbumUITests";
			productReference = D8FDA15C28AA18BD00BC9509 /* Project4-MyAlbumUITests.xctest */;
			productType = "com.apple.product-type.bundle.ui-testing";
		};
/* End PBXNativeTarget section */

/* Begin PBXProject section */
		D8FDA13428AA18BB00BC9509 /* Project object */ = {
			isa = PBXProject;
			attributes = {
				BuildIndependentTargetsInParallel = 1;
				LastSwiftUpdateCheck = 1340;
				LastUpgradeCheck = 1340;
				TargetAttributes = {
					D8FDA13B28AA18BB00BC9509 = {
						CreatedOnToolsVersion = 13.4.1;
					};
					D8FDA15128AA18BD00BC9509 = {
						CreatedOnToolsVersion = 13.4.1;
						TestTargetID = D8FDA13B28AA18BB00BC9509;
					};
					D8FDA15B28AA18BD00BC9509 = {
						CreatedOnToolsVersion = 13.4.1;
						TestTargetID = D8FDA13B28AA18BB00BC9509;
					};
				};
			};
			buildConfigurationList = D8FDA13728AA18BB00BC9509 /* Build configuration list for PBXProject "Project4-MyAlbum" */;
			compatibilityVersion = "Xcode 13.0";
			developmentRegion = en;
			hasScannedForEncodings = 0;
			knownRegions = (
				en,
				Base,
			);
			mainGroup = D8FDA13328AA18BB00BC9509;
			productRefGroup = D8FDA13D28AA18BB00BC9509 /* Products */;
			projectDirPath = "";
			projectRoot = "";
			targets = (
				D8FDA13B28AA18BB00BC9509 /* Project4-MyAlbum */,
				D8FDA15128AA18BD00BC9509 /* Project4-MyAlbumTests */,
				D8FDA15B28AA18BD00BC9509 /* Project4-MyAlbumUITests */,
			);
		};
/* End PBXProject section */

/* Begin PBXResourcesBuildPhase section */
		D8FDA13A28AA18BB00BC9509 /* Resources */ = {
			isa = PBXResourcesBuildPhase;
			buildActionMask = 2147483647;
			files = (
				D8FDA14C28AA18BD00BC9509 /* LaunchScreen.storyboard in Resources */,
				D8FDA14928AA18BD00BC9509 /* Assets.xcassets in Resources */,
				D8FDA14728AA18BB00BC9509 /* Main.storyboard in Resources */,
			);
			runOnlyForDeploymentPostprocessing = 0;
		};
		D8FDA15028AA18BD00BC9509 /* Resources */ = {
			isa = PBXResourcesBuildPhase;
			buildActionMask = 2147483647;
			files = (
			);
			runOnlyForDeploymentPostprocessing = 0;
		};
		D8FDA15A28AA18BD00BC9509 /* Resources */ = {
			isa = PBXResourcesBuildPhase;
			buildActionMask = 2147483647;
			files = (
			);
			runOnlyForDeploymentPostprocessing = 0;
		};
/* End PBXResourcesBuildPhase section */

/* Begin PBXSourcesBuildPhase section */
		D8FDA13828AA18BB00BC9509 /* Sources */ = {
			isa = PBXSourcesBuildPhase;
			buildActionMask = 2147483647;
			files = (
				D8FDA17228AA18FD00BC9509 /* FirstCollectionViewCell.swift in Sources */,
				D8FDA17028AA18E500BC9509 /* SecondViewController.swift in Sources */,
				D8FDA14428AA18BB00BC9509 /* ViewController.swift in Sources */,
				D8FDA14028AA18BB00BC9509 /* AppDelegate.swift in Sources */,
				D8FDA14228AA18BB00BC9509 /* SceneDelegate.swift in Sources */,
			);
			runOnlyForDeploymentPostprocessing = 0;
		};
		D8FDA14E28AA18BD00BC9509 /* Sources */ = {
			isa = PBXSourcesBuildPhase;
			buildActionMask = 2147483647;
			files = (
				D8FDA15728AA18BD00BC9509 /* Project4_MyAlbumTests.swift in Sources */,
			);
			runOnlyForDeploymentPostprocessing = 0;
		};
		D8FDA15828AA18BD00BC9509 /* Sources */ = {
			isa = PBXSourcesBuildPhase;
			buildActionMask = 2147483647;
			files = (
				D8FDA16128AA18BD00BC9509 /* Project4_MyAlbumUITests.swift in Sources */,
				D8FDA16328AA18BD00BC9509 /* Project4_MyAlbumUITestsLaunchTests.swift in Sources */,
			);
			runOnlyForDeploymentPostprocessing = 0;
		};
/* End PBXSourcesBuildPhase section */

/* Begin PBXTargetDependency section */
		D8FDA15428AA18BD00BC9509 /* PBXTargetDependency */ = {
			isa = PBXTargetDependency;
			target = D8FDA13B28AA18BB00BC9509 /* Project4-MyAlbum */;
			targetProxy = D8FDA15328AA18BD00BC9509 /* PBXContainerItemProxy */;
		};
		D8FDA15E28AA18BD00BC9509 /* PBXTargetDependency */ = {
			isa = PBXTargetDependency;
			target = D8FDA13B28AA18BB00BC9509 /* Project4-MyAlbum */;
			targetProxy = D8FDA15D28AA18BD00BC9509 /* PBXContainerItemProxy */;
		};
/* End PBXTargetDependency section */

/* Begin PBXVariantGroup section */
		D8FDA14528AA18BB00BC9509 /* Main.storyboard */ = {
			isa = PBXVariantGroup;
			children = (
				D8FDA14628AA18BB00BC9509 /* Base */,
			);
			name = Main.storyboard;
			sourceTree = "<group>";
		};
		D8FDA14A28AA18BD00BC9509 /* LaunchScreen.storyboard */ = {
			isa = PBXVariantGroup;
			children = (
				D8FDA14B28AA18BD00BC9509 /* Base */,
			);
			name = LaunchScreen.storyboard;
			sourceTree = "<group>";
		};
/* End PBXVariantGroup section */

/* Begin XCBuildConfiguration section */
		D8FDA16428AA18BD00BC9509 /* Debug */ = {
			isa = XCBuildConfiguration;
			buildSettings = {
				ALWAYS_SEARCH_USER_PATHS = NO;
				CLANG_ANALYZER_NONNULL = YES;
				CLANG_ANALYZER_NUMBER_OBJECT_CONVERSION = YES_AGGRESSIVE;
				CLANG_CXX_LANGUAGE_STANDARD = "gnu++17";
				CLANG_ENABLE_MODULES = YES;
				CLANG_ENABLE_OBJC_ARC = YES;
				CLANG_ENABLE_OBJC_WEAK = YES;
				CLANG_WARN_BLOCK_CAPTURE_AUTORELEASING = YES;
				CLANG_WARN_BOOL_CONVERSION = YES;
				CLANG_WARN_COMMA = YES;
				CLANG_WARN_CONSTANT_CONVERSION = YES;
				CLANG_WARN_DEPRECATED_OBJC_IMPLEMENTATIONS = YES;
				CLANG_WARN_DIRECT_OBJC_ISA_USAGE = YES_ERROR;
				CLANG_WARN_DOCUMENTATION_COMMENTS = YES;
				CLANG_WARN_EMPTY_BODY = YES;
				CLANG_WARN_ENUM_CONVERSION = YES;
				CLANG_WARN_INFINITE_RECURSION = YES;
				CLANG_WARN_INT_CONVERSION = YES;
				CLANG_WARN_NON_LITERAL_NULL_CONVERSION = YES;
				CLANG_WARN_OBJC_IMPLICIT_RETAIN_SELF = YES;
				CLANG_WARN_OBJC_LITERAL_CONVERSION = YES;
				CLANG_WARN_OBJC_ROOT_CLASS = YES_ERROR;
				CLANG_WARN_QUOTED_INCLUDE_IN_FRAMEWORK_HEADER = YES;
				CLANG_WARN_RANGE_LOOP_ANALYSIS = YES;
				CLANG_WARN_STRICT_PROTOTYPES = YES;
				CLANG_WARN_SUSPICIOUS_MOVE = YES;
				CLANG_WARN_UNGUARDED_AVAILABILITY = YES_AGGRESSIVE;
				CLANG_WARN_UNREACHABLE_CODE = YES;
				CLANG_WARN__DUPLICATE_METHOD_MATCH = YES;
				COPY_PHASE_STRIP = NO;
				DEBUG_INFORMATION_FORMAT = dwarf;
				ENABLE_STRICT_OBJC_MSGSEND = YES;
				ENABLE_TESTABILITY = YES;
				GCC_C_LANGUAGE_STANDARD = gnu11;
				GCC_DYNAMIC_NO_PIC = NO;
				GCC_NO_COMMON_BLOCKS = YES;
				GCC_OPTIMIZATION_LEVEL = 0;
				GCC_PREPROCESSOR_DEFINITIONS = (
					"DEBUG=1",
					"$(inherited)",
				);
				GCC_WARN_64_TO_32_BIT_CONVERSION = YES;
				GCC_WARN_ABOUT_RETURN_TYPE = YES_ERROR;
				GCC_WARN_UNDECLARED_SELECTOR = YES;
				GCC_WARN_UNINITIALIZED_AUTOS = YES_AGGRESSIVE;
				GCC_WARN_UNUSED_FUNCTION = YES;
				GCC_WARN_UNUSED_VARIABLE = YES;
				IPHONEOS_DEPLOYMENT_TARGET = 15.5;
				MTL_ENABLE_DEBUG_INFO = INCLUDE_SOURCE;
				MTL_FAST_MATH = YES;
				ONLY_ACTIVE_ARCH = YES;
				SDKROOT = iphoneos;
				SWIFT_ACTIVE_COMPILATION_CONDITIONS = DEBUG;
				SWIFT_OPTIMIZATION_LEVEL = "-Onone";
			};
			name = Debug;
		};
		D8FDA16528AA18BD00BC9509 /* Release */ = {
			isa = XCBuildConfiguration;
			buildSettings = {
				ALWAYS_SEARCH_USER_PATHS = NO;
				CLANG_ANALYZER_NONNULL = YES;
				CLANG_ANALYZER_NUMBER_OBJECT_CONVERSION = YES_AGGRESSIVE;
				CLANG_CXX_LANGUAGE_STANDARD = "gnu++17";
				CLANG_ENABLE_MODULES = YES;
				CLANG_ENABLE_OBJC_ARC = YES;
				CLANG_ENABLE_OBJC_WEAK = YES;
				CLANG_WARN_BLOCK_CAPTURE_AUTORELEASING = YES;
				CLANG_WARN_BOOL_CONVERSION = YES;
				CLANG_WARN_COMMA = YES;
				CLANG_WARN_CONSTANT_CONVERSION = YES;
				CLANG_WARN_DEPRECATED_OBJC_IMPLEMENTATIONS = YES;
				CLANG_WARN_DIRECT_OBJC_ISA_USAGE = YES_ERROR;
				CLANG_WARN_DOCUMENTATION_COMMENTS = YES;
				CLANG_WARN_EMPTY_BODY = YES;
				CLANG_WARN_ENUM_CONVERSION = YES;
				CLANG_WARN_INFINITE_RECURSION = YES;
				CLANG_WARN_INT_CONVERSION = YES;
				CLANG_WARN_NON_LITERAL_NULL_CONVERSION = YES;
				CLANG_WARN_OBJC_IMPLICIT_RETAIN_SELF = YES;
				CLANG_WARN_OBJC_LITERAL_CONVERSION = YES;
				CLANG_WARN_OBJC_ROOT_CLASS = YES_ERROR;
				CLANG_WARN_QUOTED_INCLUDE_IN_FRAMEWORK_HEADER = YES;
				CLANG_WARN_RANGE_LOOP_ANALYSIS = YES;
				CLANG_WARN_STRICT_PROTOTYPES = YES;
				CLANG_WARN_SUSPICIOUS_MOVE = YES;
				CLANG_WARN_UNGUARDED_AVAILABILITY = YES_AGGRESSIVE;
				CLANG_WARN_UNREACHABLE_CODE = YES;
				CLANG_WARN__DUPLICATE_METHOD_MATCH = YES;
				COPY_PHASE_STRIP = NO;
				DEBUG_INFORMATION_FORMAT = "dwarf-with-dsym";
				ENABLE_NS_ASSERTIONS = NO;
				ENABLE_STRICT_OBJC_MSGSEND = YES;
				GCC_C_LANGUAGE_STANDARD = gnu11;
				GCC_NO_COMMON_BLOCKS = YES;
				GCC_WARN_64_TO_32_BIT_CONVERSION = YES;
				GCC_WARN_ABOUT_RETURN_TYPE = YES_ERROR;
				GCC_WARN_UNDECLARED_SELECTOR = YES;
				GCC_WARN_UNINITIALIZED_AUTOS = YES_AGGRESSIVE;
				GCC_WARN_UNUSED_FUNCTION = YES;
				GCC_WARN_UNUSED_VARIABLE = YES;
				IPHONEOS_DEPLOYMENT_TARGET = 15.5;
				MTL_ENABLE_DEBUG_INFO = NO;
				MTL_FAST_MATH = YES;
				SDKROOT = iphoneos;
				SWIFT_COMPILATION_MODE = wholemodule;
				SWIFT_OPTIMIZATION_LEVEL = "-O";
				VALIDATE_PRODUCT = YES;
			};
			name = Release;
		};
		D8FDA16728AA18BD00BC9509 /* Debug */ = {
			isa = XCBuildConfiguration;
			buildSettings = {
				ASSETCATALOG_COMPILER_APPICON_NAME = AppIcon;
				ASSETCATALOG_COMPILER_GLOBAL_ACCENT_COLOR_NAME = AccentColor;
				CODE_SIGN_STYLE = Automatic;
				CURRENT_PROJECT_VERSION = 1;
				DEVELOPMENT_TEAM = TK8FVHX9VB;
				GENERATE_INFOPLIST_FILE = YES;
				INFOPLIST_FILE = "Project4-MyAlbum/Info.plist";
				INFOPLIST_KEY_UIApplicationSupportsIndirectInputEvents = YES;
				INFOPLIST_KEY_UILaunchStoryboardName = LaunchScreen;
				INFOPLIST_KEY_UIMainStoryboardFile = Main;
				INFOPLIST_KEY_UISupportedInterfaceOrientations_iPad = "UIInterfaceOrientationPortrait UIInterfaceOrientationPortraitUpsideDown UIInterfaceOrientationLandscapeLeft UIInterfaceOrientationLandscapeRight";
				INFOPLIST_KEY_UISupportedInterfaceOrientations_iPhone = "UIInterfaceOrientationPortrait UIInterfaceOrientationLandscapeLeft UIInterfaceOrientationLandscapeRight";
				LD_RUNPATH_SEARCH_PATHS = (
					"$(inherited)",
					"@executable_path/Frameworks",
				);
				MARKETING_VERSION = 1.0;
				PRODUCT_BUNDLE_IDENTIFIER = "C-HW.Project4-MyAlbum";
				PRODUCT_NAME = "$(TARGET_NAME)";
				SWIFT_EMIT_LOC_STRINGS = YES;
				SWIFT_VERSION = 5.0;
				TARGETED_DEVICE_FAMILY = "1,2";
			};
			name = Debug;
		};
		D8FDA16828AA18BD00BC9509 /* Release */ = {
			isa = XCBuildConfiguration;
			buildSettings = {
				ASSETCATALOG_COMPILER_APPICON_NAME = AppIcon;
				ASSETCATALOG_COMPILER_GLOBAL_ACCENT_COLOR_NAME = AccentColor;
				CODE_SIGN_STYLE = Automatic;
				CURRENT_PROJECT_VERSION = 1;
				DEVELOPMENT_TEAM = TK8FVHX9VB;
				GENERATE_INFOPLIST_FILE = YES;
				INFOPLIST_FILE = "Project4-MyAlbum/Info.plist";
				INFOPLIST_KEY_UIApplicationSupportsIndirectInputEvents = YES;
				INFOPLIST_KEY_UILaunchStoryboardName = LaunchScreen;
				INFOPLIST_KEY_UIMainStoryboardFile = Main;
				INFOPLIST_KEY_UISupportedInterfaceOrientations_iPad = "UIInterfaceOrientationPortrait UIInterfaceOrientationPortraitUpsideDown UIInterfaceOrientationLandscapeLeft UIInterfaceOrientationLandscapeRight";
				INFOPLIST_KEY_UISupportedInterfaceOrientations_iPhone = "UIInterfaceOrientationPortrait UIInterfaceOrientationLandscapeLeft UIInterfaceOrientationLandscapeRight";
				LD_RUNPATH_SEARCH_PATHS = (
					"$(inherited)",
					"@executable_path/Frameworks",
				);
				MARKETING_VERSION = 1.0;
				PRODUCT_BUNDLE_IDENTIFIER = "C-HW.Project4-MyAlbum";
				PRODUCT_NAME = "$(TARGET_NAME)";
				SWIFT_EMIT_LOC_STRINGS = YES;
				SWIFT_VERSION = 5.0;
				TARGETED_DEVICE_FAMILY = "1,2";
			};
			name = Release;
		};
		D8FDA16A28AA18BD00BC9509 /* Debug */ = {
			isa = XCBuildConfiguration;
			buildSettings = {
				ALWAYS_EMBED_SWIFT_STANDARD_LIBRARIES = YES;
				BUNDLE_LOADER = "$(TEST_HOST)";
				CODE_SIGN_STYLE = Automatic;
				CURRENT_PROJECT_VERSION = 1;
				DEVELOPMENT_TEAM = TK8FVHX9VB;
				GENERATE_INFOPLIST_FILE = YES;
				IPHONEOS_DEPLOYMENT_TARGET = 15.5;
				MARKETING_VERSION = 1.0;
				PRODUCT_BUNDLE_IDENTIFIER = "C-HW.Project4-MyAlbumTests";
				PRODUCT_NAME = "$(TARGET_NAME)";
				SWIFT_EMIT_LOC_STRINGS = NO;
				SWIFT_VERSION = 5.0;
				TARGETED_DEVICE_FAMILY = "1,2";
				TEST_HOST = "$(BUILT_PRODUCTS_DIR)/Project4-MyAlbum.app/Project4-MyAlbum";
			};
			name = Debug;
		};
		D8FDA16B28AA18BD00BC9509 /* Release */ = {
			isa = XCBuildConfiguration;
			buildSettings = {
				ALWAYS_EMBED_SWIFT_STANDARD_LIBRARIES = YES;
				BUNDLE_LOADER = "$(TEST_HOST)";
				CODE_SIGN_STYLE = Automatic;
				CURRENT_PROJECT_VERSION = 1;
				DEVELOPMENT_TEAM = TK8FVHX9VB;
				GENERATE_INFOPLIST_FILE = YES;
				IPHONEOS_DEPLOYMENT_TARGET = 15.5;
				MARKETING_VERSION = 1.0;
				PRODUCT_BUNDLE_IDENTIFIER = "C-HW.Project4-MyAlbumTests";
				PRODUCT_NAME = "$(TARGET_NAME)";
				SWIFT_EMIT_LOC_STRINGS = NO;
				SWIFT_VERSION = 5.0;
				TARGETED_DEVICE_FAMILY = "1,2";
				TEST_HOST = "$(BUILT_PRODUCTS_DIR)/Project4-MyAlbum.app/Project4-MyAlbum";
			};
			name = Release;
		};
		D8FDA16D28AA18BD00BC9509 /* Debug */ = {
			isa = XCBuildConfiguration;
			buildSettings = {
				ALWAYS_EMBED_SWIFT_STANDARD_LIBRARIES = YES;
				CODE_SIGN_STYLE = Automatic;
				CURRENT_PROJECT_VERSION = 1;
				DEVELOPMENT_TEAM = TK8FVHX9VB;
				GENERATE_INFOPLIST_FILE = YES;
				MARKETING_VERSION = 1.0;
				PRODUCT_BUNDLE_IDENTIFIER = "C-HW.Project4-MyAlbumUITests";
				PRODUCT_NAME = "$(TARGET_NAME)";
				SWIFT_EMIT_LOC_STRINGS = NO;
				SWIFT_VERSION = 5.0;
				TARGETED_DEVICE_FAMILY = "1,2";
				TEST_TARGET_NAME = "Project4-MyAlbum";
			};
			name = Debug;
		};
		D8FDA16E28AA18BD00BC9509 /* Release */ = {
			isa = XCBuildConfiguration;
			buildSettings = {
				ALWAYS_EMBED_SWIFT_STANDARD_LIBRARIES = YES;
				CODE_SIGN_STYLE = Automatic;
				CURRENT_PROJECT_VERSION = 1;
				DEVELOPMENT_TEAM = TK8FVHX9VB;
				GENERATE_INFOPLIST_FILE = YES;
				MARKETING_VERSION = 1.0;
				PRODUCT_BUNDLE_IDENTIFIER = "C-HW.Project4-MyAlbumUITests";
				PRODUCT_NAME = "$(TARGET_NAME)";
				SWIFT_EMIT_LOC_STRINGS = NO;
				SWIFT_VERSION = 5.0;
				TARGETED_DEVICE_FAMILY = "1,2";
				TEST_TARGET_NAME = "Project4-MyAlbum";
			};
			name = Release;
		};
/* End XCBuildConfiguration section */

/* Begin XCConfigurationList section */
		D8FDA13728AA18BB00BC9509 /* Build configuration list for PBXProject "Project4-MyAlbum" */ = {
			isa = XCConfigurationList;
			buildConfigurations = (
				D8FDA16428AA18BD00BC9509 /* Debug */,
				D8FDA16528AA18BD00BC9509 /* Release */,
			);
			defaultConfigurationIsVisible = 0;
			defaultConfigurationName = Release;
		};
		D8FDA16628AA18BD00BC9509 /* Build configuration list for PBXNativeTarget "Project4-MyAlbum" */ = {
			isa = XCConfigurationList;
			buildConfigurations = (
				D8FDA16728AA18BD00BC9509 /* Debug */,
				D8FDA16828AA18BD00BC9509 /* Release */,
			);
			defaultConfigurationIsVisible = 0;
			defaultConfigurationName = Release;
		};
		D8FDA16928AA18BD00BC9509 /* Build configuration list for PBXNativeTarget "Project4-MyAlbumTests" */ = {
			isa = XCConfigurationList;
			buildConfigurations = (
				D8FDA16A28AA18BD00BC9509 /* Debug */,
				D8FDA16B28AA18BD00BC9509 /* Release */,
			);
			defaultConfigurationIsVisible = 0;
			defaultConfigurationName = Release;
		};
		D8FDA16C28AA18BD00BC9509 /* Build configuration list for PBXNativeTarget "Project4-MyAlbumUITests" */ = {
			isa = XCConfigurationList;
			buildConfigurations = (
				D8FDA16D28AA18BD00BC9509 /* Debug */,
				D8FDA16E28AA18BD00BC9509 /* Release */,
			);
			defaultConfigurationIsVisible = 0;
			defaultConfigurationName = Release;
		};
/* End XCConfigurationList section */
	};
	rootObject = D8FDA13428AA18BB00BC9509 /* Project object */;
}
