// !$*UTF8*$!
{
	archiveVersion = 1;
	classes = {
	};
	objectVersion = 55;
	objects = {

/* Begin PBXBuildFile section */
		D869333028C1846600784543 /* AppDelegate.swift in Sources */ = {isa = PBXBuildFile; fileRef = D869332F28C1846600784543 /* AppDelegate.swift */; };
		D869333228C1846600784543 /* SceneDelegate.swift in Sources */ = {isa = PBXBuildFile; fileRef = D869333128C1846600784543 /* SceneDelegate.swift */; };
		D869333428C1846600784543 /* ViewController.swift in Sources */ = {isa = PBXBuildFile; fileRef = D869333328C1846600784543 /* ViewController.swift */; };
		D869333728C1846600784543 /* Main.storyboard in Resources */ = {isa = PBXBuildFile; fileRef = D869333528C1846600784543 /* Main.storyboard */; };
		D869333928C1846800784543 /* Assets.xcassets in Resources */ = {isa = PBXBuildFile; fileRef = D869333828C1846800784543 /* Assets.xcassets */; };
		D869333C28C1846800784543 /* LaunchScreen.storyboard in Resources */ = {isa = PBXBuildFile; fileRef = D869333A28C1846800784543 /* LaunchScreen.storyboard */; };
		D869334728C1846800784543 /* BoxOfficeInProject5Tests.swift in Sources */ = {isa = PBXBuildFile; fileRef = D869334628C1846800784543 /* BoxOfficeInProject5Tests.swift */; };
		D869335128C1846800784543 /* BoxOfficeInProject5UITests.swift in Sources */ = {isa = PBXBuildFile; fileRef = D869335028C1846800784543 /* BoxOfficeInProject5UITests.swift */; };
		D869335328C1846800784543 /* BoxOfficeInProject5UITestsLaunchTests.swift in Sources */ = {isa = PBXBuildFile; fileRef = D869335228C1846800784543 /* BoxOfficeInProject5UITestsLaunchTests.swift */; };
		D8F8A40F28C1893E0023A768 /* model.swift in Sources */ = {isa = PBXBuildFile; fileRef = D8F8A40E28C1893E0023A768 /* model.swift */; };
/* End PBXBuildFile section */

/* Begin PBXContainerItemProxy section */
		D869334328C1846800784543 /* PBXContainerItemProxy */ = {
			isa = PBXContainerItemProxy;
			containerPortal = D869332428C1846600784543 /* Project object */;
			proxyType = 1;
			remoteGlobalIDString = D869332B28C1846600784543;
			remoteInfo = BoxOfficeInProject5;
		};
		D869334D28C1846800784543 /* PBXContainerItemProxy */ = {
			isa = PBXContainerItemProxy;
			containerPortal = D869332428C1846600784543 /* Project object */;
			proxyType = 1;
			remoteGlobalIDString = D869332B28C1846600784543;
			remoteInfo = BoxOfficeInProject5;
		};
/* End PBXContainerItemProxy section */

/* Begin PBXFileReference section */
		D869332C28C1846600784543 /* BoxOfficeInProject5.app */ = {isa = PBXFileReference; explicitFileType = wrapper.application; includeInIndex = 0; path = BoxOfficeInProject5.app; sourceTree = BUILT_PRODUCTS_DIR; };
		D869332F28C1846600784543 /* AppDelegate.swift */ = {isa = PBXFileReference; lastKnownFileType = sourcecode.swift; path = AppDelegate.swift; sourceTree = "<group>"; };
		D869333128C1846600784543 /* SceneDelegate.swift */ = {isa = PBXFileReference; lastKnownFileType = sourcecode.swift; path = SceneDelegate.swift; sourceTree = "<group>"; };
		D869333328C1846600784543 /* ViewController.swift */ = {isa = PBXFileReference; lastKnownFileType = sourcecode.swift; path = ViewController.swift; sourceTree = "<group>"; };
		D869333628C1846600784543 /* Base */ = {isa = PBXFileReference; lastKnownFileType = file.storyboard; name = Base; path = Base.lproj/Main.storyboard; sourceTree = "<group>"; };
		D869333828C1846800784543 /* Assets.xcassets */ = {isa = PBXFileReference; lastKnownFileType = folder.assetcatalog; path = Assets.xcassets; sourceTree = "<group>"; };
		D869333B28C1846800784543 /* Base */ = {isa = PBXFileReference; lastKnownFileType = file.storyboard; name = Base; path = Base.lproj/LaunchScreen.storyboard; sourceTree = "<group>"; };
		D869333D28C1846800784543 /* Info.plist */ = {isa = PBXFileReference; lastKnownFileType = text.plist.xml; path = Info.plist; sourceTree = "<group>"; };
		D869334228C1846800784543 /* BoxOfficeInProject5Tests.xctest */ = {isa = PBXFileReference; explicitFileType = wrapper.cfbundle; includeInIndex = 0; path = BoxOfficeInProject5Tests.xctest; sourceTree = BUILT_PRODUCTS_DIR; };
		D869334628C1846800784543 /* BoxOfficeInProject5Tests.swift */ = {isa = PBXFileReference; lastKnownFileType = sourcecode.swift; path = BoxOfficeInProject5Tests.swift; sourceTree = "<group>"; };
		D869334C28C1846800784543 /* BoxOfficeInProject5UITests.xctest */ = {isa = PBXFileReference; explicitFileType = wrapper.cfbundle; includeInIndex = 0; path = BoxOfficeInProject5UITests.xctest; sourceTree = BUILT_PRODUCTS_DIR; };
		D869335028C1846800784543 /* BoxOfficeInProject5UITests.swift */ = {isa = PBXFileReference; lastKnownFileType = sourcecode.swift; path = BoxOfficeInProject5UITests.swift; sourceTree = "<group>"; };
		D869335228C1846800784543 /* BoxOfficeInProject5UITestsLaunchTests.swift */ = {isa = PBXFileReference; lastKnownFileType = sourcecode.swift; path = BoxOfficeInProject5UITestsLaunchTests.swift; sourceTree = "<group>"; };
		D8F8A40E28C1893E0023A768 /* model.swift */ = {isa = PBXFileReference; lastKnownFileType = sourcecode.swift; path = model.swift; sourceTree = "<group>"; };
/* End PBXFileReference section */

/* Begin PBXFrameworksBuildPhase section */
		D869332928C1846600784543 /* Frameworks */ = {
			isa = PBXFrameworksBuildPhase;
			buildActionMask = 2147483647;
			files = (
			);
			runOnlyForDeploymentPostprocessing = 0;
		};
		D869333F28C1846800784543 /* Frameworks */ = {
			isa = PBXFrameworksBuildPhase;
			buildActionMask = 2147483647;
			files = (
			);
			runOnlyForDeploymentPostprocessing = 0;
		};
		D869334928C1846800784543 /* Frameworks */ = {
			isa = PBXFrameworksBuildPhase;
			buildActionMask = 2147483647;
			files = (
			);
			runOnlyForDeploymentPostprocessing = 0;
		};
/* End PBXFrameworksBuildPhase section */

/* Begin PBXGroup section */
		D869332328C1846600784543 = {
			isa = PBXGroup;
			children = (
				D869332E28C1846600784543 /* BoxOfficeInProject5 */,
				D869334528C1846800784543 /* BoxOfficeInProject5Tests */,
				D869334F28C1846800784543 /* BoxOfficeInProject5UITests */,
				D869332D28C1846600784543 /* Products */,
			);
			sourceTree = "<group>";
		};
		D869332D28C1846600784543 /* Products */ = {
			isa = PBXGroup;
			children = (
				D869332C28C1846600784543 /* BoxOfficeInProject5.app */,
				D869334228C1846800784543 /* BoxOfficeInProject5Tests.xctest */,
				D869334C28C1846800784543 /* BoxOfficeInProject5UITests.xctest */,
			);
			name = Products;
			sourceTree = "<group>";
		};
		D869332E28C1846600784543 /* BoxOfficeInProject5 */ = {
			isa = PBXGroup;
			children = (
				D869332F28C1846600784543 /* AppDelegate.swift */,
				D869333128C1846600784543 /* SceneDelegate.swift */,
				D869333328C1846600784543 /* ViewController.swift */,
				D8F8A40E28C1893E0023A768 /* model.swift */,
				D869333528C1846600784543 /* Main.storyboard */,
				D869333828C1846800784543 /* Assets.xcassets */,
				D869333A28C1846800784543 /* LaunchScreen.storyboard */,
				D869333D28C1846800784543 /* Info.plist */,
			);
			path = BoxOfficeInProject5;
			sourceTree = "<group>";
		};
		D869334528C1846800784543 /* BoxOfficeInProject5Tests */ = {
			isa = PBXGroup;
			children = (
				D869334628C1846800784543 /* BoxOfficeInProject5Tests.swift */,
			);
			path = BoxOfficeInProject5Tests;
			sourceTree = "<group>";
		};
		D869334F28C1846800784543 /* BoxOfficeInProject5UITests */ = {
			isa = PBXGroup;
			children = (
				D869335028C1846800784543 /* BoxOfficeInProject5UITests.swift */,
				D869335228C1846800784543 /* BoxOfficeInProject5UITestsLaunchTests.swift */,
			);
			path = BoxOfficeInProject5UITests;
			sourceTree = "<group>";
		};
/* End PBXGroup section */

/* Begin PBXNativeTarget section */
		D869332B28C1846600784543 /* BoxOfficeInProject5 */ = {
			isa = PBXNativeTarget;
			buildConfigurationList = D869335628C1846800784543 /* Build configuration list for PBXNativeTarget "BoxOfficeInProject5" */;
			buildPhases = (
				D869332828C1846600784543 /* Sources */,
				D869332928C1846600784543 /* Frameworks */,
				D869332A28C1846600784543 /* Resources */,
			);
			buildRules = (
			);
			dependencies = (
			);
			name = BoxOfficeInProject5;
			productName = BoxOfficeInProject5;
			productReference = D869332C28C1846600784543 /* BoxOfficeInProject5.app */;
			productType = "com.apple.product-type.application";
		};
		D869334128C1846800784543 /* BoxOfficeInProject5Tests */ = {
			isa = PBXNativeTarget;
			buildConfigurationList = D869335928C1846800784543 /* Build configuration list for PBXNativeTarget "BoxOfficeInProject5Tests" */;
			buildPhases = (
				D869333E28C1846800784543 /* Sources */,
				D869333F28C1846800784543 /* Frameworks */,
				D869334028C1846800784543 /* Resources */,
			);
			buildRules = (
			);
			dependencies = (
				D869334428C1846800784543 /* PBXTargetDependency */,
			);
			name = BoxOfficeInProject5Tests;
			productName = BoxOfficeInProject5Tests;
			productReference = D869334228C1846800784543 /* BoxOfficeInProject5Tests.xctest */;
			productType = "com.apple.product-type.bundle.unit-test";
		};
		D869334B28C1846800784543 /* BoxOfficeInProject5UITests */ = {
			isa = PBXNativeTarget;
			buildConfigurationList = D869335C28C1846800784543 /* Build configuration list for PBXNativeTarget "BoxOfficeInProject5UITests" */;
			buildPhases = (
				D869334828C1846800784543 /* Sources */,
				D869334928C1846800784543 /* Frameworks */,
				D869334A28C1846800784543 /* Resources */,
			);
			buildRules = (
			);
			dependencies = (
				D869334E28C1846800784543 /* PBXTargetDependency */,
			);
			name = BoxOfficeInProject5UITests;
			productName = BoxOfficeInProject5UITests;
			productReference = D869334C28C1846800784543 /* BoxOfficeInProject5UITests.xctest */;
			productType = "com.apple.product-type.bundle.ui-testing";
		};
/* End PBXNativeTarget section */

/* Begin PBXProject section */
		D869332428C1846600784543 /* Project object */ = {
			isa = PBXProject;
			attributes = {
				BuildIndependentTargetsInParallel = 1;
				LastSwiftUpdateCheck = 1340;
				LastUpgradeCheck = 1340;
				TargetAttributes = {
					D869332B28C1846600784543 = {
						CreatedOnToolsVersion = 13.4.1;
					};
					D869334128C1846800784543 = {
						CreatedOnToolsVersion = 13.4.1;
						TestTargetID = D869332B28C1846600784543;
					};
					D869334B28C1846800784543 = {
						CreatedOnToolsVersion = 13.4.1;
						TestTargetID = D869332B28C1846600784543;
					};
				};
			};
			buildConfigurationList = D869332728C1846600784543 /* Build configuration list for PBXProject "BoxOfficeInProject5" */;
			compatibilityVersion = "Xcode 13.0";
			developmentRegion = en;
			hasScannedForEncodings = 0;
			knownRegions = (
				en,
				Base,
			);
			mainGroup = D869332328C1846600784543;
			productRefGroup = D869332D28C1846600784543 /* Products */;
			projectDirPath = "";
			projectRoot = "";
			targets = (
				D869332B28C1846600784543 /* BoxOfficeInProject5 */,
				D869334128C1846800784543 /* BoxOfficeInProject5Tests */,
				D869334B28C1846800784543 /* BoxOfficeInProject5UITests */,
			);
		};
/* End PBXProject section */

/* Begin PBXResourcesBuildPhase section */
		D869332A28C1846600784543 /* Resources */ = {
			isa = PBXResourcesBuildPhase;
			buildActionMask = 2147483647;
			files = (
				D869333C28C1846800784543 /* LaunchScreen.storyboard in Resources */,
				D869333928C1846800784543 /* Assets.xcassets in Resources */,
				D869333728C1846600784543 /* Main.storyboard in Resources */,
			);
			runOnlyForDeploymentPostprocessing = 0;
		};
		D869334028C1846800784543 /* Resources */ = {
			isa = PBXResourcesBuildPhase;
			buildActionMask = 2147483647;
			files = (
			);
			runOnlyForDeploymentPostprocessing = 0;
		};
		D869334A28C1846800784543 /* Resources */ = {
			isa = PBXResourcesBuildPhase;
			buildActionMask = 2147483647;
			files = (
			);
			runOnlyForDeploymentPostprocessing = 0;
		};
/* End PBXResourcesBuildPhase section */

/* Begin PBXSourcesBuildPhase section */
		D869332828C1846600784543 /* Sources */ = {
			isa = PBXSourcesBuildPhase;
			buildActionMask = 2147483647;
			files = (
				D869333428C1846600784543 /* ViewController.swift in Sources */,
				D869333028C1846600784543 /* AppDelegate.swift in Sources */,
				D869333228C1846600784543 /* SceneDelegate.swift in Sources */,
				D8F8A40F28C1893E0023A768 /* model.swift in Sources */,
			);
			runOnlyForDeploymentPostprocessing = 0;
		};
		D869333E28C1846800784543 /* Sources */ = {
			isa = PBXSourcesBuildPhase;
			buildActionMask = 2147483647;
			files = (
				D869334728C1846800784543 /* BoxOfficeInProject5Tests.swift in Sources */,
			);
			runOnlyForDeploymentPostprocessing = 0;
		};
		D869334828C1846800784543 /* Sources */ = {
			isa = PBXSourcesBuildPhase;
			buildActionMask = 2147483647;
			files = (
				D869335128C1846800784543 /* BoxOfficeInProject5UITests.swift in Sources */,
				D869335328C1846800784543 /* BoxOfficeInProject5UITestsLaunchTests.swift in Sources */,
			);
			runOnlyForDeploymentPostprocessing = 0;
		};
/* End PBXSourcesBuildPhase section */

/* Begin PBXTargetDependency section */
		D869334428C1846800784543 /* PBXTargetDependency */ = {
			isa = PBXTargetDependency;
			target = D869332B28C1846600784543 /* BoxOfficeInProject5 */;
			targetProxy = D869334328C1846800784543 /* PBXContainerItemProxy */;
		};
		D869334E28C1846800784543 /* PBXTargetDependency */ = {
			isa = PBXTargetDependency;
			target = D869332B28C1846600784543 /* BoxOfficeInProject5 */;
			targetProxy = D869334D28C1846800784543 /* PBXContainerItemProxy */;
		};
/* End PBXTargetDependency section */

/* Begin PBXVariantGroup section */
		D869333528C1846600784543 /* Main.storyboard */ = {
			isa = PBXVariantGroup;
			children = (
				D869333628C1846600784543 /* Base */,
			);
			name = Main.storyboard;
			sourceTree = "<group>";
		};
		D869333A28C1846800784543 /* LaunchScreen.storyboard */ = {
			isa = PBXVariantGroup;
			children = (
				D869333B28C1846800784543 /* Base */,
			);
			name = LaunchScreen.storyboard;
			sourceTree = "<group>";
		};
/* End PBXVariantGroup section */

/* Begin XCBuildConfiguration section */
		D869335428C1846800784543 /* Debug */ = {
			isa = XCBuildConfiguration;
			buildSettings = {
				ALWAYS_SEARCH_USER_PATHS = NO;
				CLANG_ANALYZER_NONNULL = YES;
				CLANG_ANALYZER_NUMBER_OBJECT_CONVERSION = YES_AGGRESSIVE;
				CLANG_CXX_LANGUAGE_STANDARD = "gnu++17";
				CLANG_ENABLE_MODULES = YES;
				CLANG_ENABLE_OBJC_ARC = YES;
				CLANG_ENABLE_OBJC_WEAK = YES;
				CLANG_WARN_BLOCK_CAPTURE_AUTORELEASING = YES;
				CLANG_WARN_BOOL_CONVERSION = YES;
				CLANG_WARN_COMMA = YES;
				CLANG_WARN_CONSTANT_CONVERSION = YES;
				CLANG_WARN_DEPRECATED_OBJC_IMPLEMENTATIONS = YES;
				CLANG_WARN_DIRECT_OBJC_ISA_USAGE = YES_ERROR;
				CLANG_WARN_DOCUMENTATION_COMMENTS = YES;
				CLANG_WARN_EMPTY_BODY = YES;
				CLANG_WARN_ENUM_CONVERSION = YES;
				CLANG_WARN_INFINITE_RECURSION = YES;
				CLANG_WARN_INT_CONVERSION = YES;
				CLANG_WARN_NON_LITERAL_NULL_CONVERSION = YES;
				CLANG_WARN_OBJC_IMPLICIT_RETAIN_SELF = YES;
				CLANG_WARN_OBJC_LITERAL_CONVERSION = YES;
				CLANG_WARN_OBJC_ROOT_CLASS = YES_ERROR;
				CLANG_WARN_QUOTED_INCLUDE_IN_FRAMEWORK_HEADER = YES;
				CLANG_WARN_RANGE_LOOP_ANALYSIS = YES;
				CLANG_WARN_STRICT_PROTOTYPES = YES;
				CLANG_WARN_SUSPICIOUS_MOVE = YES;
				CLANG_WARN_UNGUARDED_AVAILABILITY = YES_AGGRESSIVE;
				CLANG_WARN_UNREACHABLE_CODE = YES;
				CLANG_WARN__DUPLICATE_METHOD_MATCH = YES;
				COPY_PHASE_STRIP = NO;
				DEBUG_INFORMATION_FORMAT = dwarf;
				ENABLE_STRICT_OBJC_MSGSEND = YES;
				ENABLE_TESTABILITY = YES;
				GCC_C_LANGUAGE_STANDARD = gnu11;
				GCC_DYNAMIC_NO_PIC = NO;
				GCC_NO_COMMON_BLOCKS = YES;
				GCC_OPTIMIZATION_LEVEL = 0;
				GCC_PREPROCESSOR_DEFINITIONS = (
					"DEBUG=1",
					"$(inherited)",
				);
				GCC_WARN_64_TO_32_BIT_CONVERSION = YES;
				GCC_WARN_ABOUT_RETURN_TYPE = YES_ERROR;
				GCC_WARN_UNDECLARED_SELECTOR = YES;
				GCC_WARN_UNINITIALIZED_AUTOS = YES_AGGRESSIVE;
				GCC_WARN_UNUSED_FUNCTION = YES;
				GCC_WARN_UNUSED_VARIABLE = YES;
				IPHONEOS_DEPLOYMENT_TARGET = 15.5;
				MTL_ENABLE_DEBUG_INFO = INCLUDE_SOURCE;
				MTL_FAST_MATH = YES;
				ONLY_ACTIVE_ARCH = YES;
				SDKROOT = iphoneos;
				SWIFT_ACTIVE_COMPILATION_CONDITIONS = DEBUG;
				SWIFT_OPTIMIZATION_LEVEL = "-Onone";
			};
			name = Debug;
		};
		D869335528C1846800784543 /* Release */ = {
			isa = XCBuildConfiguration;
			buildSettings = {
				ALWAYS_SEARCH_USER_PATHS = NO;
				CLANG_ANALYZER_NONNULL = YES;
				CLANG_ANALYZER_NUMBER_OBJECT_CONVERSION = YES_AGGRESSIVE;
				CLANG_CXX_LANGUAGE_STANDARD = "gnu++17";
				CLANG_ENABLE_MODULES = YES;
				CLANG_ENABLE_OBJC_ARC = YES;
				CLANG_ENABLE_OBJC_WEAK = YES;
				CLANG_WARN_BLOCK_CAPTURE_AUTORELEASING = YES;
				CLANG_WARN_BOOL_CONVERSION = YES;
				CLANG_WARN_COMMA = YES;
				CLANG_WARN_CONSTANT_CONVERSION = YES;
				CLANG_WARN_DEPRECATED_OBJC_IMPLEMENTATIONS = YES;
				CLANG_WARN_DIRECT_OBJC_ISA_USAGE = YES_ERROR;
				CLANG_WARN_DOCUMENTATION_COMMENTS = YES;
				CLANG_WARN_EMPTY_BODY = YES;
				CLANG_WARN_ENUM_CONVERSION = YES;
				CLANG_WARN_INFINITE_RECURSION = YES;
				CLANG_WARN_INT_CONVERSION = YES;
				CLANG_WARN_NON_LITERAL_NULL_CONVERSION = YES;
				CLANG_WARN_OBJC_IMPLICIT_RETAIN_SELF = YES;
				CLANG_WARN_OBJC_LITERAL_CONVERSION = YES;
				CLANG_WARN_OBJC_ROOT_CLASS = YES_ERROR;
				CLANG_WARN_QUOTED_INCLUDE_IN_FRAMEWORK_HEADER = YES;
				CLANG_WARN_RANGE_LOOP_ANALYSIS = YES;
				CLANG_WARN_STRICT_PROTOTYPES = YES;
				CLANG_WARN_SUSPICIOUS_MOVE = YES;
				CLANG_WARN_UNGUARDED_AVAILABILITY = YES_AGGRESSIVE;
				CLANG_WARN_UNREACHABLE_CODE = YES;
				CLANG_WARN__DUPLICATE_METHOD_MATCH = YES;
				COPY_PHASE_STRIP = NO;
				DEBUG_INFORMATION_FORMAT = "dwarf-with-dsym";
				ENABLE_NS_ASSERTIONS = NO;
				ENABLE_STRICT_OBJC_MSGSEND = YES;
				GCC_C_LANGUAGE_STANDARD = gnu11;
				GCC_NO_COMMON_BLOCKS = YES;
				GCC_WARN_64_TO_32_BIT_CONVERSION = YES;
				GCC_WARN_ABOUT_RETURN_TYPE = YES_ERROR;
				GCC_WARN_UNDECLARED_SELECTOR = YES;
				GCC_WARN_UNINITIALIZED_AUTOS = YES_AGGRESSIVE;
				GCC_WARN_UNUSED_FUNCTION = YES;
				GCC_WARN_UNUSED_VARIABLE = YES;
				IPHONEOS_DEPLOYMENT_TARGET = 15.5;
				MTL_ENABLE_DEBUG_INFO = NO;
				MTL_FAST_MATH = YES;
				SDKROOT = iphoneos;
				SWIFT_COMPILATION_MODE = wholemodule;
				SWIFT_OPTIMIZATION_LEVEL = "-O";
				VALIDATE_PRODUCT = YES;
			};
			name = Release;
		};
		D869335728C1846800784543 /* Debug */ = {
			isa = XCBuildConfiguration;
			buildSettings = {
				ASSETCATALOG_COMPILER_APPICON_NAME = AppIcon;
				ASSETCATALOG_COMPILER_GLOBAL_ACCENT_COLOR_NAME = AccentColor;
				CODE_SIGN_STYLE = Automatic;
				CURRENT_PROJECT_VERSION = 1;
				DEVELOPMENT_TEAM = TK8FVHX9VB;
				GENERATE_INFOPLIST_FILE = YES;
				INFOPLIST_FILE = BoxOfficeInProject5/Info.plist;
				INFOPLIST_KEY_UIApplicationSupportsIndirectInputEvents = YES;
				INFOPLIST_KEY_UILaunchStoryboardName = LaunchScreen;
				INFOPLIST_KEY_UIMainStoryboardFile = Main;
				INFOPLIST_KEY_UISupportedInterfaceOrientations_iPad = "UIInterfaceOrientationPortrait UIInterfaceOrientationPortraitUpsideDown UIInterfaceOrientationLandscapeLeft UIInterfaceOrientationLandscapeRight";
				INFOPLIST_KEY_UISupportedInterfaceOrientations_iPhone = "UIInterfaceOrientationPortrait UIInterfaceOrientationLandscapeLeft UIInterfaceOrientationLandscapeRight";
				LD_RUNPATH_SEARCH_PATHS = (
					"$(inherited)",
					"@executable_path/Frameworks",
				);
				MARKETING_VERSION = 1.0;
				PRODUCT_BUNDLE_IDENTIFIER = "C-HW.BoxOfficeInProject5";
				PRODUCT_NAME = "$(TARGET_NAME)";
				SWIFT_EMIT_LOC_STRINGS = YES;
				SWIFT_VERSION = 5.0;
				TARGETED_DEVICE_FAMILY = "1,2";
			};
			name = Debug;
		};
		D869335828C1846800784543 /* Release */ = {
			isa = XCBuildConfiguration;
			buildSettings = {
				ASSETCATALOG_COMPILER_APPICON_NAME = AppIcon;
				ASSETCATALOG_COMPILER_GLOBAL_ACCENT_COLOR_NAME = AccentColor;
				CODE_SIGN_STYLE = Automatic;
				CURRENT_PROJECT_VERSION = 1;
				DEVELOPMENT_TEAM = TK8FVHX9VB;
				GENERATE_INFOPLIST_FILE = YES;
				INFOPLIST_FILE = BoxOfficeInProject5/Info.plist;
				INFOPLIST_KEY_UIApplicationSupportsIndirectInputEvents = YES;
				INFOPLIST_KEY_UILaunchStoryboardName = LaunchScreen;
				INFOPLIST_KEY_UIMainStoryboardFile = Main;
				INFOPLIST_KEY_UISupportedInterfaceOrientations_iPad = "UIInterfaceOrientationPortrait UIInterfaceOrientationPortraitUpsideDown UIInterfaceOrientationLandscapeLeft UIInterfaceOrientationLandscapeRight";
				INFOPLIST_KEY_UISupportedInterfaceOrientations_iPhone = "UIInterfaceOrientationPortrait UIInterfaceOrientationLandscapeLeft UIInterfaceOrientationLandscapeRight";
				LD_RUNPATH_SEARCH_PATHS = (
					"$(inherited)",
					"@executable_path/Frameworks",
				);
				MARKETING_VERSION = 1.0;
				PRODUCT_BUNDLE_IDENTIFIER = "C-HW.BoxOfficeInProject5";
				PRODUCT_NAME = "$(TARGET_NAME)";
				SWIFT_EMIT_LOC_STRINGS = YES;
				SWIFT_VERSION = 5.0;
				TARGETED_DEVICE_FAMILY = "1,2";
			};
			name = Release;
		};
		D869335A28C1846800784543 /* Debug */ = {
			isa = XCBuildConfiguration;
			buildSettings = {
				ALWAYS_EMBED_SWIFT_STANDARD_LIBRARIES = YES;
				BUNDLE_LOADER = "$(TEST_HOST)";
				CODE_SIGN_STYLE = Automatic;
				CURRENT_PROJECT_VERSION = 1;
				DEVELOPMENT_TEAM = TK8FVHX9VB;
				GENERATE_INFOPLIST_FILE = YES;
				IPHONEOS_DEPLOYMENT_TARGET = 15.5;
				MARKETING_VERSION = 1.0;
				PRODUCT_BUNDLE_IDENTIFIER = "C-HW.BoxOfficeInProject5Tests";
				PRODUCT_NAME = "$(TARGET_NAME)";
				SWIFT_EMIT_LOC_STRINGS = NO;
				SWIFT_VERSION = 5.0;
				TARGETED_DEVICE_FAMILY = "1,2";
				TEST_HOST = "$(BUILT_PRODUCTS_DIR)/BoxOfficeInProject5.app/BoxOfficeInProject5";
			};
			name = Debug;
		};
		D869335B28C1846800784543 /* Release */ = {
			isa = XCBuildConfiguration;
			buildSettings = {
				ALWAYS_EMBED_SWIFT_STANDARD_LIBRARIES = YES;
				BUNDLE_LOADER = "$(TEST_HOST)";
				CODE_SIGN_STYLE = Automatic;
				CURRENT_PROJECT_VERSION = 1;
				DEVELOPMENT_TEAM = TK8FVHX9VB;
				GENERATE_INFOPLIST_FILE = YES;
				IPHONEOS_DEPLOYMENT_TARGET = 15.5;
				MARKETING_VERSION = 1.0;
				PRODUCT_BUNDLE_IDENTIFIER = "C-HW.BoxOfficeInProject5Tests";
				PRODUCT_NAME = "$(TARGET_NAME)";
				SWIFT_EMIT_LOC_STRINGS = NO;
				SWIFT_VERSION = 5.0;
				TARGETED_DEVICE_FAMILY = "1,2";
				TEST_HOST = "$(BUILT_PRODUCTS_DIR)/BoxOfficeInProject5.app/BoxOfficeInProject5";
			};
			name = Release;
		};
		D869335D28C1846800784543 /* Debug */ = {
			isa = XCBuildConfiguration;
			buildSettings = {
				ALWAYS_EMBED_SWIFT_STANDARD_LIBRARIES = YES;
				CODE_SIGN_STYLE = Automatic;
				CURRENT_PROJECT_VERSION = 1;
				DEVELOPMENT_TEAM = TK8FVHX9VB;
				GENERATE_INFOPLIST_FILE = YES;
				MARKETING_VERSION = 1.0;
				PRODUCT_BUNDLE_IDENTIFIER = "C-HW.BoxOfficeInProject5UITests";
				PRODUCT_NAME = "$(TARGET_NAME)";
				SWIFT_EMIT_LOC_STRINGS = NO;
				SWIFT_VERSION = 5.0;
				TARGETED_DEVICE_FAMILY = "1,2";
				TEST_TARGET_NAME = BoxOfficeInProject5;
			};
			name = Debug;
		};
		D869335E28C1846800784543 /* Release */ = {
			isa = XCBuildConfiguration;
			buildSettings = {
				ALWAYS_EMBED_SWIFT_STANDARD_LIBRARIES = YES;
				CODE_SIGN_STYLE = Automatic;
				CURRENT_PROJECT_VERSION = 1;
				DEVELOPMENT_TEAM = TK8FVHX9VB;
				GENERATE_INFOPLIST_FILE = YES;
				MARKETING_VERSION = 1.0;
				PRODUCT_BUNDLE_IDENTIFIER = "C-HW.BoxOfficeInProject5UITests";
				PRODUCT_NAME = "$(TARGET_NAME)";
				SWIFT_EMIT_LOC_STRINGS = NO;
				SWIFT_VERSION = 5.0;
				TARGETED_DEVICE_FAMILY = "1,2";
				TEST_TARGET_NAME = BoxOfficeInProject5;
			};
			name = Release;
		};
/* End XCBuildConfiguration section */

/* Begin XCConfigurationList section */
		D869332728C1846600784543 /* Build configuration list for PBXProject "BoxOfficeInProject5" */ = {
			isa = XCConfigurationList;
			buildConfigurations = (
				D869335428C1846800784543 /* Debug */,
				D869335528C1846800784543 /* Release */,
			);
			defaultConfigurationIsVisible = 0;
			defaultConfigurationName = Release;
		};
		D869335628C1846800784543 /* Build configuration list for PBXNativeTarget "BoxOfficeInProject5" */ = {
			isa = XCConfigurationList;
			buildConfigurations = (
				D869335728C1846800784543 /* Debug */,
				D869335828C1846800784543 /* Release */,
			);
			defaultConfigurationIsVisible = 0;
			defaultConfigurationName = Release;
		};
		D869335928C1846800784543 /* Build configuration list for PBXNativeTarget "BoxOfficeInProject5Tests" */ = {
			isa = XCConfigurationList;
			buildConfigurations = (
				D869335A28C1846800784543 /* Debug */,
				D869335B28C1846800784543 /* Release */,
			);
			defaultConfigurationIsVisible = 0;
			defaultConfigurationName = Release;
		};
		D869335C28C1846800784543 /* Build configuration list for PBXNativeTarget "BoxOfficeInProject5UITests" */ = {
			isa = XCConfigurationList;
			buildConfigurations = (
				D869335D28C1846800784543 /* Debug */,
				D869335E28C1846800784543 /* Release */,
			);
			defaultConfigurationIsVisible = 0;
			defaultConfigurationName = Release;
		};
/* End XCConfigurationList section */
	};
	rootObject = D869332428C1846600784543 /* Project object */;
}
